> terraform apply  -var-file="main.tfvars"  



An execution plan has been generated and is shown below.
Resource actions are indicated with the following symbols:
  + create

Terraform will perform the following actions:

  # module.devopsacademy-iac-alb-asg.aws_autoscaling_group.this will be created
  + resource "aws_autoscaling_group" "this" {
      + arn                       = (known after apply)
      + availability_zones        = (known after apply)
      + default_cooldown          = (known after apply)
      + desired_capacity          = (known after apply)
      + force_delete              = false
      + health_check_grace_period = 300
      + health_check_type         = (known after apply)
      + id                        = (known after apply)
      + launch_configuration      = (known after apply)
      + load_balancers            = (known after apply)
      + max_size                  = 2
      + metrics_granularity       = "1Minute"
      + min_size                  = 1
      + name                      = "devops-academy-asg-iac"
      + protect_from_scale_in     = false
      + service_linked_role_arn   = (known after apply)
      + target_group_arns         = (known after apply)
      + vpc_zone_identifier       = [
          + "subnet-0689a8a1e90b115e4",
          + "subnet-07b1bca70e911674d",
        ]
      + wait_for_capacity_timeout = "10m"
    }

  # module.devopsacademy-iac-alb-asg.aws_autoscaling_policy.scale_down will be created
  + resource "aws_autoscaling_policy" "scale_down" {
      + adjustment_type         = "ChangeInCapacity"
      + arn                     = (known after apply)
      + autoscaling_group_name  = "devops-academy-asg-iac"
      + cooldown                = 300
      + id                      = (known after apply)
      + metric_aggregation_type = (known after apply)
      + name                    = "devops-academy-asg-scale-down"
      + policy_type             = "SimpleScaling"
      + scaling_adjustment      = -1
    }

  # module.devopsacademy-iac-alb-asg.aws_autoscaling_policy.scale_up will be created
  + resource "aws_autoscaling_policy" "scale_up" {
      + adjustment_type         = "ChangeInCapacity"
      + arn                     = (known after apply)
      + autoscaling_group_name  = "devops-academy-asg-iac"
      + cooldown                = 300
      + id                      = (known after apply)
      + metric_aggregation_type = (known after apply)
      + name                    = "devops-academy-asg-scale-up"
      + policy_type             = "SimpleScaling"
      + scaling_adjustment      = 1
    }

  # module.devopsacademy-iac-alb-asg.aws_launch_configuration.this will be created
  + resource "aws_launch_configuration" "this" {
      + arn                         = (known after apply)
      + associate_public_ip_address = true
      + ebs_optimized               = (known after apply)
      + enable_monitoring           = true
      + id                          = (known after apply)
      + image_id                    = "ami-0a58e22c727337c51"
      + instance_type               = "t2.micro"
      + key_name                    = "EC2KeyPair"
      + name                        = (known after apply)
      + name_prefix                 = "devopsacademy-iac-launchconfig"
      + security_groups             = (known after apply)
      + user_data_base64            = "ICAgICMhIC9iaW4vYmFzaAogICAgeXVtIHVwZGF0ZSAteQogICAgeXVtIGluc3RhbGwgLXkgaHR0cGQKICAgIGN1cmwgMTY5LjI1NC4xNjkuMjU0L2xhdGVzdC9tZXRhLWRhdGEvaG9zdG5hbWUgPiBpbmRleC5odG1sCiAgICBtdiBpbmRleC5odG1sIC92YXIvd3d3L2h0bWwvCiAgICBzZXJ2aWNlIGh0dHBkIHN0YXJ0Cg=="

      + ebs_block_device {
          + delete_on_termination = (known after apply)
          + device_name           = (known after apply)
          + encrypted             = (known after apply)
          + iops                  = (known after apply)
          + no_device             = (known after apply)
          + snapshot_id           = (known after apply)
          + volume_size           = (known after apply)
          + volume_type           = (known after apply)
        }

      + root_block_device {
          + delete_on_termination = (known after apply)
          + encrypted             = (known after apply)
          + iops                  = (known after apply)
          + volume_size           = (known after apply)
          + volume_type           = (known after apply)
        }
    }

  # module.devopsacademy-iac-alb-asg.aws_lb.this will be created
  + resource "aws_lb" "this" {
      + arn                        = (known after apply)
      + arn_suffix                 = (known after apply)
      + dns_name                   = (known after apply)
      + drop_invalid_header_fields = false
      + enable_deletion_protection = false
      + enable_http2               = true
      + id                         = (known after apply)
      + idle_timeout               = 60
      + internal                   = false
      + ip_address_type            = (known after apply)
      + load_balancer_type         = "application"
      + name                       = "devops-academy-iac-lb"
      + security_groups            = (known after apply)
      + subnets                    = [
          + "subnet-0689a8a1e90b115e4",
          + "subnet-07b1bca70e911674d",
        ]
      + tags                       = {
          + "Name" = "devopsacademy-iac-lb"
        }
      + vpc_id                     = (known after apply)
      + zone_id                    = (known after apply)

      + subnet_mapping {
          + allocation_id = (known after apply)
          + subnet_id     = (known after apply)
        }
    }

  # module.devopsacademy-iac-alb-asg.aws_lb_listener.this will be created
  + resource "aws_lb_listener" "this" {
      + arn               = (known after apply)
      + id                = (known after apply)
      + load_balancer_arn = (known after apply)
      + port              = 80
      + protocol          = "HTTP"
      + ssl_policy        = (known after apply)

      + default_action {
          + order            = (known after apply)
          + target_group_arn = (known after apply)
          + type             = "forward"
        }
    }

  # module.devopsacademy-iac-alb-asg.aws_lb_target_group.this will be created
  + resource "aws_lb_target_group" "this" {
      + arn                                = (known after apply)
      + arn_suffix                         = (known after apply)
      + deregistration_delay               = 300
      + id                                 = (known after apply)
      + lambda_multi_value_headers_enabled = false
      + load_balancing_algorithm_type      = (known after apply)
      + name                               = "devops-academy-iac-lb-tg"
      + port                               = 80
      + protocol                           = "HTTP"
      + proxy_protocol_v2                  = false
      + slow_start                         = 0
      + target_type                        = "instance"
      + vpc_id                             = "vpc-057dd5667c8b9c709"

      + health_check {
          + enabled             = (known after apply)
          + healthy_threshold   = (known after apply)
          + interval            = (known after apply)
          + matcher             = (known after apply)
          + path                = (known after apply)
          + port                = (known after apply)
          + protocol            = (known after apply)
          + timeout             = (known after apply)
          + unhealthy_threshold = (known after apply)
        }

      + stickiness {
          + cookie_duration = (known after apply)
          + enabled         = (known after apply)
          + type            = (known after apply)
        }
    }

  # module.devopsacademy-iac-alb-asg.aws_security_group.allow_http will be created
  + resource "aws_security_group" "allow_http" {
      + arn                    = (known after apply)
      + description            = "Managed by Terraform"
      + egress                 = [
          + {
              + cidr_blocks      = [
                  + "0.0.0.0/0",
                ]
              + description      = ""
              + from_port        = 0
              + ipv6_cidr_blocks = []
              + prefix_list_ids  = []
              + protocol         = "-1"
              + security_groups  = []
              + self             = false
              + to_port          = 0
            },
        ]
      + id                     = (known after apply)
      + ingress                = [
          + {
              + cidr_blocks      = [
                  + "0.0.0.0/0",
                ]
              + description      = "Allow http connection"
              + from_port        = 80
              + ipv6_cidr_blocks = []
              + prefix_list_ids  = []
              + protocol         = "tcp"
              + security_groups  = []
              + self             = false
              + to_port          = 80
            },
        ]
      + name                   = "allow_http"
      + owner_id               = (known after apply)
      + revoke_rules_on_delete = false
      + tags                   = {
          + "Name" = "devopsacademy-iac-alb-sg"
        }
      + vpc_id                 = "vpc-057dd5667c8b9c709"
    }

  # module.devopsacademy-iac-alb-asg.aws_security_group.allow_only_alb will be created
  + resource "aws_security_group" "allow_only_alb" {
      + arn                    = (known after apply)
      + description            = "Managed by Terraform"
      + egress                 = [
          + {
              + cidr_blocks      = [
                  + "0.0.0.0/0",
                ]
              + description      = ""
              + from_port        = 0
              + ipv6_cidr_blocks = []
              + prefix_list_ids  = []
              + protocol         = "-1"
              + security_groups  = []
              + self             = false
              + to_port          = 0
            },
        ]
      + id                     = (known after apply)
      + ingress                = [
          + {
              + cidr_blocks      = []
              + description      = "Allow only ALB connection to EC2"
              + from_port        = 80
              + ipv6_cidr_blocks = []
              + prefix_list_ids  = []
              + protocol         = "tcp"
              + security_groups  = (known after apply)
              + self             = false
              + to_port          = 80
            },
        ]
      + name                   = "allow_only_alb"
      + owner_id               = (known after apply)
      + revoke_rules_on_delete = false
      + tags                   = {
          + "Name" = "devopsacademy-iac-ec2-sg"
        }
      + vpc_id                 = "vpc-057dd5667c8b9c709"
    }

Plan: 9 to add, 0 to change, 0 to destroy.

Do you want to perform these actions?
  Terraform will perform the actions described above.
  Only 'yes' will be accepted to approve.

  Enter a value: yes

module.devopsacademy-iac-alb-asg.aws_lb_target_group.this: Creating...
module.devopsacademy-iac-alb-asg.aws_security_group.allow_http: Creating...
module.devopsacademy-iac-alb-asg.aws_lb_target_group.this: Creation complete after 1s [id=arn:aws:elasticloadbalancing:ap-southeast-2:361529347535:targetgroup/devops-academy-iac-lb-tg/29efc8333152b825]
module.devopsacademy-iac-alb-asg.aws_security_group.allow_http: Creation complete after 7s [id=sg-0237a08c0bb1e9a31]
module.devopsacademy-iac-alb-asg.aws_lb.this: Creating...
module.devopsacademy-iac-alb-asg.aws_security_group.allow_only_alb: Creating...
module.devopsacademy-iac-alb-asg.aws_security_group.allow_only_alb: Creation complete after 2s [id=sg-0d5cc1c105592a306]
module.devopsacademy-iac-alb-asg.aws_launch_configuration.this: Creating...
module.devopsacademy-iac-alb-asg.aws_launch_configuration.this: Creation complete after 1s [id=devopsacademy-iac-launchconfig20200731120724560600000001]
module.devopsacademy-iac-alb-asg.aws_autoscaling_group.this: Creating...
module.devopsacademy-iac-alb-asg.aws_lb.this: Still creating... [10s elapsed]
module.devopsacademy-iac-alb-asg.aws_autoscaling_group.this: Still creating... [10s elapsed]
module.devopsacademy-iac-alb-asg.aws_lb.this: Still creating... [20s elapsed]
module.devopsacademy-iac-alb-asg.aws_autoscaling_group.this: Still creating... [20s elapsed]
module.devopsacademy-iac-alb-asg.aws_lb.this: Still creating... [30s elapsed]
module.devopsacademy-iac-alb-asg.aws_autoscaling_group.this: Still creating... [30s elapsed]
module.devopsacademy-iac-alb-asg.aws_lb.this: Still creating... [40s elapsed]
module.devopsacademy-iac-alb-asg.aws_autoscaling_group.this: Still creating... [40s elapsed]
module.devopsacademy-iac-alb-asg.aws_lb.this: Still creating... [50s elapsed]
module.devopsacademy-iac-alb-asg.aws_autoscaling_group.this: Creation complete after 49s [id=devops-academy-asg-iac]
module.devopsacademy-iac-alb-asg.aws_autoscaling_policy.scale_down: Creating...
module.devopsacademy-iac-alb-asg.aws_autoscaling_policy.scale_up: Creating...
module.devopsacademy-iac-alb-asg.aws_autoscaling_policy.scale_down: Creation complete after 1s [id=devops-academy-asg-scale-down]
module.devopsacademy-iac-alb-asg.aws_autoscaling_policy.scale_up: Creation complete after 1s [id=devops-academy-asg-scale-up]
module.devopsacademy-iac-alb-asg.aws_lb.this: Still creating... [1m0s elapsed]
module.devopsacademy-iac-alb-asg.aws_lb.this: Still creating... [1m10s elapsed]
module.devopsacademy-iac-alb-asg.aws_lb.this: Still creating... [1m20s elapsed]
module.devopsacademy-iac-alb-asg.aws_lb.this: Still creating... [1m30s elapsed]
module.devopsacademy-iac-alb-asg.aws_lb.this: Still creating... [1m40s elapsed]
module.devopsacademy-iac-alb-asg.aws_lb.this: Still creating... [1m50s elapsed]
module.devopsacademy-iac-alb-asg.aws_lb.this: Still creating... [2m0s elapsed]
module.devopsacademy-iac-alb-asg.aws_lb.this: Still creating... [2m10s elapsed]
module.devopsacademy-iac-alb-asg.aws_lb.this: Still creating... [2m20s elapsed]
module.devopsacademy-iac-alb-asg.aws_lb.this: Creation complete after 2m25s [id=arn:aws:elasticloadbalancing:ap-southeast-2:361529347535:loadbalancer/app/devops-academy-iac-lb/68e779e592e93f26]
module.devopsacademy-iac-alb-asg.aws_lb_listener.this: Creating...
module.devopsacademy-iac-alb-asg.aws_lb_listener.this: Creation complete after 0s [id=arn:aws:elasticloadbalancing:ap-southeast-2:361529347535:listener/app/devops-academy-iac-lb/68e779e592e93f26/1ae24b6ea50ee6f1]

Apply complete! Resources: 9 added, 0 changed, 0 destroyed.

The state of your infrastructure has been saved to the path
below. This state is required to modify and destroy your
infrastructure, so keep it safe. To inspect the complete state
use the `terraform show` command.

State path: /Users/raghunadhpokkalath/Documents/AWS/DevopsAcadamy/terraform/c04-iac04/terraform.tfstate

Outputs:

lb_dns_name = devops-academy-iac-lb-341462998.ap-southeast-2.elb.amazonaws.com