$ terraform plan -var-file="main.tfvars"

Refreshing Terraform state in-memory prior to plan...
The refreshed state will be used to calculate this plan, but will not be
persisted to local or remote state storage.


------------------------------------------------------------------------

An execution plan has been generated and is shown below.
Resource actions are indicated with the following symbols:
  + create

Terraform will perform the following actions:

  # aws_eip.nat[0] will be created
  + resource "aws_eip" "nat" {
      + allocation_id     = (known after apply)
      + association_id    = (known after apply)
      + domain            = (known after apply)
      + id                = (known after apply)
      + instance          = (known after apply)
      + network_interface = (known after apply)
      + private_dns       = (known after apply)
      + private_ip        = (known after apply)
      + public_dns        = (known after apply)
      + public_ip         = (known after apply)
      + public_ipv4_pool  = (known after apply)
      + vpc               = (known after apply)
    }

  # aws_eip.nat[1] will be created
  + resource "aws_eip" "nat" {
      + allocation_id     = (known after apply)
      + association_id    = (known after apply)
      + domain            = (known after apply)
      + id                = (known after apply)
      + instance          = (known after apply)
      + network_interface = (known after apply)
      + private_dns       = (known after apply)
      + private_ip        = (known after apply)
      + public_dns        = (known after apply)
      + public_ip         = (known after apply)
      + public_ipv4_pool  = (known after apply)
      + vpc               = (known after apply)
    }

  # aws_internet_gateway.da_igw will be created
  + resource "aws_internet_gateway" "da_igw" {
      + id       = (known after apply)
      + owner_id = (known after apply)
      + tags     = {
          + "Name" = "Devops Academy IaC IGW"
        }
      + vpc_id   = (known after apply)
    }

  # aws_nat_gateway.da_ngw[0] will be created
  + resource "aws_nat_gateway" "da_ngw" {
      + allocation_id        = (known after apply)
      + id                   = (known after apply)
      + network_interface_id = (known after apply)
      + private_ip           = (known after apply)
      + public_ip            = (known after apply)
      + subnet_id            = (known after apply)
      + tags                 = {
          + "Name" = "Devops Academy IaC NGW"
        }
    }

  # aws_nat_gateway.da_ngw[1] will be created
  + resource "aws_nat_gateway" "da_ngw" {
      + allocation_id        = (known after apply)
      + id                   = (known after apply)
      + network_interface_id = (known after apply)
      + private_ip           = (known after apply)
      + public_ip            = (known after apply)
      + subnet_id            = (known after apply)
      + tags                 = {
          + "Name" = "Devops Academy IaC NGW"
        }
    }

  # aws_route_table.private_rt[0] will be created
  + resource "aws_route_table" "private_rt" {
      + id               = (known after apply)
      + owner_id         = (known after apply)
      + propagating_vgws = (known after apply)
      + route            = [
          + {
              + cidr_block                = "0.0.0.0/0"
              + egress_only_gateway_id    = ""
              + gateway_id                = (known after apply)
              + instance_id               = ""
              + ipv6_cidr_block           = ""
              + nat_gateway_id            = ""
              + network_interface_id      = ""
              + transit_gateway_id        = ""
              + vpc_peering_connection_id = ""
            },
        ]
      + tags             = {
          + "Name" = "Private RouteTable"
        }
      + vpc_id           = (known after apply)
    }

  # aws_route_table.private_rt[1] will be created
  + resource "aws_route_table" "private_rt" {
      + id               = (known after apply)
      + owner_id         = (known after apply)
      + propagating_vgws = (known after apply)
      + route            = [
          + {
              + cidr_block                = "0.0.0.0/0"
              + egress_only_gateway_id    = ""
              + gateway_id                = (known after apply)
              + instance_id               = ""
              + ipv6_cidr_block           = ""
              + nat_gateway_id            = ""
              + network_interface_id      = ""
              + transit_gateway_id        = ""
              + vpc_peering_connection_id = ""
            },
        ]
      + tags             = {
          + "Name" = "Private RouteTable"
        }
      + vpc_id           = (known after apply)
    }

  # aws_route_table.public_rt will be created
  + resource "aws_route_table" "public_rt" {
      + id               = (known after apply)
      + owner_id         = (known after apply)
      + propagating_vgws = (known after apply)
      + route            = [
          + {
              + cidr_block                = "0.0.0.0/0"
              + egress_only_gateway_id    = ""
              + gateway_id                = (known after apply)
              + instance_id               = ""
              + ipv6_cidr_block           = ""
              + nat_gateway_id            = ""
              + network_interface_id      = ""
              + transit_gateway_id        = ""
              + vpc_peering_connection_id = ""
            },
        ]
      + tags             = {
          + "Name" = "Public RouteTable"
        }
      + vpc_id           = (known after apply)
    }

  # aws_route_table_association.private[0] will be created
  + resource "aws_route_table_association" "private" {
      + id             = (known after apply)
      + route_table_id = (known after apply)
      + subnet_id      = (known after apply)
    }

  # aws_route_table_association.private[1] will be created
  + resource "aws_route_table_association" "private" {
      + id             = (known after apply)
      + route_table_id = (known after apply)
      + subnet_id      = (known after apply)
    }

  # aws_route_table_association.public[0] will be created
  + resource "aws_route_table_association" "public" {
      + id             = (known after apply)
      + route_table_id = (known after apply)
      + subnet_id      = (known after apply)
    }

  # aws_route_table_association.public[1] will be created
  + resource "aws_route_table_association" "public" {
      + id             = (known after apply)
      + route_table_id = (known after apply)
      + subnet_id      = (known after apply)
    }

  # aws_subnet.private[0] will be created
  + resource "aws_subnet" "private" {
      + arn                             = (known after apply)
      + assign_ipv6_address_on_creation = false
      + availability_zone               = (known after apply)
      + availability_zone_id            = (known after apply)
      + cidr_block                      = "10.20.1.0/24"
      + id                              = (known after apply)
      + ipv6_cidr_block                 = (known after apply)
      + ipv6_cidr_block_association_id  = (known after apply)
      + map_public_ip_on_launch         = false
      + owner_id                        = (known after apply)
      + tags                            = {
          + "Name" = "Private subnets - NAT GW (c04-iac03)"
        }
      + vpc_id                          = (known after apply)
    }

  # aws_subnet.private[1] will be created
  + resource "aws_subnet" "private" {
      + arn                             = (known after apply)
      + assign_ipv6_address_on_creation = false
      + availability_zone               = (known after apply)
      + availability_zone_id            = (known after apply)
      + cidr_block                      = "10.20.3.0/24"
      + id                              = (known after apply)
      + ipv6_cidr_block                 = (known after apply)
      + ipv6_cidr_block_association_id  = (known after apply)
      + map_public_ip_on_launch         = false
      + owner_id                        = (known after apply)
      + tags                            = {
          + "Name" = "Private subnets - NAT GW (c04-iac03)"
        }
      + vpc_id                          = (known after apply)
    }

  # aws_subnet.public[0] will be created
  + resource "aws_subnet" "public" {
      + arn                             = (known after apply)
      + assign_ipv6_address_on_creation = false
      + availability_zone               = (known after apply)
      + availability_zone_id            = (known after apply)
      + cidr_block                      = "10.20.0.0/24"
      + id                              = (known after apply)
      + ipv6_cidr_block                 = (known after apply)
      + ipv6_cidr_block_association_id  = (known after apply)
      + map_public_ip_on_launch         = true
      + owner_id                        = (known after apply)
      + tags                            = {
          + "Name" = "Public subnets - IGW (c04-iac03)"
        }
      + vpc_id                          = (known after apply)
    }

  # aws_subnet.public[1] will be created
  + resource "aws_subnet" "public" {
      + arn                             = (known after apply)
      + assign_ipv6_address_on_creation = false
      + availability_zone               = (known after apply)
      + availability_zone_id            = (known after apply)
      + cidr_block                      = "10.20.2.0/24"
      + id                              = (known after apply)
      + ipv6_cidr_block                 = (known after apply)
      + ipv6_cidr_block_association_id  = (known after apply)
      + map_public_ip_on_launch         = true
      + owner_id                        = (known after apply)
      + tags                            = {
          + "Name" = "Public subnets - IGW (c04-iac03)"
        }
      + vpc_id                          = (known after apply)
    }

  # aws_vpc.devopsacademy_iac will be created
  + resource "aws_vpc" "devopsacademy_iac" {
      + arn                              = (known after apply)
      + assign_generated_ipv6_cidr_block = false
      + cidr_block                       = "10.20.0.0/16"
      + default_network_acl_id           = (known after apply)
      + default_route_table_id           = (known after apply)
      + default_security_group_id        = (known after apply)
      + dhcp_options_id                  = (known after apply)
      + enable_classiclink               = (known after apply)
      + enable_classiclink_dns_support   = (known after apply)
      + enable_dns_hostnames             = (known after apply)
      + enable_dns_support               = true
      + id                               = (known after apply)
      + instance_tenancy                 = "default"
      + ipv6_association_id              = (known after apply)
      + ipv6_cidr_block                  = (known after apply)
      + main_route_table_id              = (known after apply)
      + owner_id                         = (known after apply)
      + tags                             = {
          + "Name" = "devopsacademy_iac"
        }
    }

Plan: 17 to add, 0 to change, 0 to destroy.

------------------------------------------------------------------------

Note: You didn't specify an "-out" parameter to save this plan, so Terraform
can't guarantee that exactly these actions will be performed if
"terraform apply" is subsequently run.
