$ terraform apply -var-file="main.tfvars"

An execution plan has been generated and is shown below.  
Resource actions are indicated with the following symbols:
  + create

Terraform will perform the following actions:

  # aws_eip.nat[0] will be created
  + resource "aws_eip" "nat" {
      + allocation_id     = (known after apply)
      + association_id    = (known after apply)
      + customer_owned_ip = (known after apply)
      + domain            = (known after apply)
      + id                = (known after apply)
      + instance          = (known after apply)
      + network_interface = (known after apply)
      + private_dns       = (known after apply)
      + private_ip        = (known after apply)
      + public_dns        = (known after apply)
      + public_ip         = (known after apply)
      + public_ipv4_pool  = (known after apply)
      + vpc               = true
    }

  # aws_eip.nat[1] will be created
  + resource "aws_eip" "nat" {    
      + allocation_id     = (known after apply)
      + association_id    = (known after apply)
      + customer_owned_ip = (known after apply)
      + domain            = (known after apply)
      + id                = (known after apply)
      + instance          = (known after apply)
      + network_interface = (known after apply)
      + private_dns       = (known after apply)
      + private_ip        = (known after apply)
      + public_dns        = (known after apply)
      + public_ip         = (known after apply)
      + public_ipv4_pool  = (known after apply)
      + vpc               = true
    }

  # aws_internet_gateway.da_iac02_igw will be created
  + resource "aws_internet_gateway" "da_iac02_igw" {
      + arn      = (known after apply)
      + id       = (known after apply)
      + owner_id = (known after apply)
      + tags     = {
          + "Name" = "gwInternet"
        }
      + vpc_id   = (known after apply)
    }

  # aws_nat_gateway.iac02nat[0] will be created
  + resource "aws_nat_gateway" "iac02nat" {
      + allocation_id        = (known after apply)
      + id                   = (known after apply)
      + network_interface_id = (known after apply)
      + private_ip           = (known after apply)
      + public_ip            = (known after apply)
      + subnet_id            = (known after apply)
      + tags                 = {
          + "Name" = "iac02nat"
        }
    }

  # aws_nat_gateway.iac02nat[1] will be created
  + resource "aws_nat_gateway" "iac02nat" {
      + allocation_id        = (known after apply)
      + id                   = (known after apply)
      + network_interface_id = (known after apply)
      + private_ip           = (known after apply)
      + public_ip            = (known after apply)
      + subnet_id            = (known after apply)
      + tags                 = {
          + "Name" = "iac02nat"
        }
    }

  # aws_route.private[0] will be created
  + resource "aws_route" "private" {
      + destination_cidr_block     = "0.0.0.0/0"
      + destination_prefix_list_id = (known after apply)
      + egress_only_gateway_id     = (known after apply)
      + gateway_id                 = (known after apply)
      + id                         = (known after apply)
      + instance_id                = (known after apply)
      + instance_owner_id          = (known after apply)
      + nat_gateway_id             = (known after apply)
      + network_interface_id       = (known after apply)
      + origin                     = (known after apply)
      + route_table_id             = (known after apply)
      + state                      = (known after apply)
    }

  # aws_route.private[1] will be created
  + resource "aws_route" "private" {
      + destination_cidr_block     = "0.0.0.0/0"
      + destination_prefix_list_id = (known after apply)
      + egress_only_gateway_id     = (known after apply)
      + gateway_id                 = (known after apply)
      + id                         = (known after apply)
      + instance_id                = (known after apply)
      + instance_owner_id          = (known after apply)
      + nat_gateway_id             = (known after apply)
      + network_interface_id       = (known after apply)
      + origin                     = (known after apply)
      + route_table_id             = (known after apply)
      + state                      = (known after apply)
    }

  # aws_route.public will be created
  + resource "aws_route" "public" {
      + destination_cidr_block     = "0.0.0.0/0"
      + destination_prefix_list_id = (known after apply)
      + egress_only_gateway_id     = (known after apply)
      + gateway_id                 = (known after apply)
      + id                         = (known after apply)
      + instance_id                = (known after apply)
      + instance_owner_id          = (known after apply)
      + nat_gateway_id             = (known after apply)
      + network_interface_id       = (known after apply)
      + origin                     = (known after apply)
      + route_table_id             = (known after apply)
      + state                      = (known after apply)
    }

  # aws_route_table.private[0] will be created
  + resource "aws_route_table" "private" {
      + id               = (known after apply)
      + owner_id         = (known after apply)
      + propagating_vgws = (known after apply)
      + route            = (known after apply)
      + tags             = {
          + "Name" = "PrivateRouteTable"
        }
      + vpc_id           = (known after apply)
    }

  # aws_route_table.private[1] will be created
  + resource "aws_route_table" "private" {
      + id               = (known after apply)
      + owner_id         = (known after apply)
      + propagating_vgws = (known after apply)
      + route            = (known after apply)
      + tags             = {
          + "Name" = "PrivateRouteTable"
        }
      + vpc_id           = (known after apply)
    }

  # aws_route_table.public will be created
  + resource "aws_route_table" "public" {
      + id               = (known after apply)
      + owner_id         = (known after apply)
      + propagating_vgws = (known after apply)
      + route            = (known after apply)
      + tags             = {
          + "Name" = "PublicRouteTable"
        }
      + vpc_id           = (known after apply)
    }

  # aws_route_table_association.private[0] will be created
  + resource "aws_route_table_association" "private" {
      + id             = (known after apply)
      + route_table_id = (known after apply)
      + subnet_id      = (known after apply)
    }

  # aws_route_table_association.private[1] will be created
  + resource "aws_route_table_association" "private" {
      + id             = (known after apply)
      + route_table_id = (known after apply)
      + subnet_id      = (known after apply)
    }

  # aws_route_table_association.public[0] will be created
  + resource "aws_route_table_association" "public" {
      + id             = (known after apply)
      + route_table_id = (known after apply)
      + subnet_id      = (known after apply)
    }

  # aws_route_table_association.public[1] will be created
  + resource "aws_route_table_association" "public" {
      + id             = (known after apply)
      + route_table_id = (known after apply)
      + subnet_id      = (known after apply)
    }

  # aws_subnet.private[0] will be created
  + resource "aws_subnet" "private" {
      + arn                             = (known after apply)
      + assign_ipv6_address_on_creation = false
      + availability_zone               = "ap-southeast-2a"
      + availability_zone_id            = (known after apply)
      + cidr_block                      = "10.0.1.0/24"
      + id                              = (known after apply)
      + ipv6_cidr_block                 = (known after apply)
      + ipv6_cidr_block_association_id  = (known after apply)
      + map_public_ip_on_launch         = false
      + owner_id                        = (known after apply)
      + tags                            = {
          + "Name" = "PrivateSubnet"
        }
      + vpc_id                          = (known after apply)
    }

  # aws_subnet.private[1] will be created
  + resource "aws_subnet" "private" {
      + arn                             = (known after apply)
      + assign_ipv6_address_on_creation = false
      + availability_zone               = "ap-southeast-2b"
      + availability_zone_id            = (known after apply)
      + cidr_block                      = "10.0.3.0/24"
      + id                              = (known after apply)
      + ipv6_cidr_block                 = (known after apply)
      + ipv6_cidr_block_association_id  = (known after apply)
      + map_public_ip_on_launch         = false
      + owner_id                        = (known after apply)
      + tags                            = {
          + "Name" = "PrivateSubnet"
        }
      + vpc_id                          = (known after apply)
    }

  # aws_subnet.public[0] will be created
  + resource "aws_subnet" "public" {
      + arn                             = (known after apply)
      + assign_ipv6_address_on_creation = false
      + availability_zone               = "ap-southeast-2a"
      + availability_zone_id            = (known after apply)
      + cidr_block                      = "10.0.0.0/24"
      + id                              = (known after apply)
      + ipv6_cidr_block                 = (known after apply)
      + ipv6_cidr_block_association_id  = (known after apply)
      + map_public_ip_on_launch         = true
      + owner_id                        = (known after apply)
      + tags                            = {
          + "Name" = "PublicSubnet"
        }
      + vpc_id                          = (known after apply)
    }

  # aws_subnet.public[1] will be created
  + resource "aws_subnet" "public" {
      + arn                             = (known after apply)
      + assign_ipv6_address_on_creation = false
      + availability_zone               = "ap-southeast-2b"
      + availability_zone_id            = (known after apply)
      + cidr_block                      = "10.0.2.0/24"
      + id                              = (known after apply)
      + ipv6_cidr_block                 = (known after apply)
      + ipv6_cidr_block_association_id  = (known after apply)
      + map_public_ip_on_launch         = true
      + owner_id                        = (known after apply)
      + tags                            = {
          + "Name" = "PublicSubnet"
        }
      + vpc_id                          = (known after apply)
    }

  # aws_vpc.da_iac02_vpc will be created
  + resource "aws_vpc" "da_iac02_vpc" {
      + arn                              = (known after apply)
      + assign_generated_ipv6_cidr_block = false
      + cidr_block                       = "10.0.0.0/16"
      + default_network_acl_id           = (known after apply)
      + default_route_table_id           = (known after apply)
      + default_security_group_id        = (known after apply)
      + dhcp_options_id                  = (known after apply)
      + enable_classiclink               = (known after apply)
      + enable_classiclink_dns_support   = (known after apply)
      + enable_dns_hostnames             = true
      + enable_dns_support               = true
      + id                               = (known after apply)
      + instance_tenancy                 = "default"
      + ipv6_association_id              = (known after apply)
      + ipv6_cidr_block                  = (known after apply)
      + main_route_table_id              = (known after apply)
      + owner_id                         = (known after apply)
      + tags                             = {
          + "Name" = "da_iac02_vpc"
        }
    }

Plan: 20 to add, 0 to change, 0 to destroy.

Do you want to perform these actions?
  Terraform will perform the actions described above.
  Only 'yes' will be accepted to approve.

  Enter a value: yes

aws_eip.nat[1]: Creating...
aws_vpc.da_iac02_vpc: Creating...
aws_eip.nat[0]: Creating...
aws_eip.nat[0]: Creation complete after 1s [id=eipalloc-07bb3748e0004c718]
aws_eip.nat[1]: Creation complete after 1s [id=eipalloc-0875724ab274035ee]
aws_vpc.da_iac02_vpc: Creation complete after 3s [id=vpc-070a1ac69b42d4002]
aws_subnet.public[0]: Creating...
aws_subnet.private[1]: Creating...
aws_subnet.public[1]: Creating...
aws_route_table.private[1]: Creating...
aws_subnet.private[0]: Creating...
aws_internet_gateway.da_iac02_igw: Creating...
aws_route_table.public: Creating...
aws_route_table.private[0]: Creating...
aws_route_table.public: Creation complete after 1s [id=rtb-0bce7505a3b575b8a]
aws_route_table.private[1]: Creation complete after 1s [id=rtb-0641c3f92ac6f60ef]
aws_route_table.private[0]: Creation complete after 1s [id=rtb-0e8fc9fdd61f38623]
aws_subnet.private[0]: Creation complete after 1s [id=subnet-084a89ffe92af4279]
aws_subnet.private[1]: Creation complete after 1s [id=subnet-0e1de98023bbb6278]
aws_route_table_association.private[1]: Creating...
aws_route_table_association.private[0]: Creating...
aws_internet_gateway.da_iac02_igw: Creation complete after 1s [id=igw-042d6137d966cb46a]
aws_route.public: Creating...
aws_subnet.public[1]: Creation complete after 1s [id=subnet-06d8f7c227c439d75]
aws_subnet.public[0]: Creation complete after 1s [id=subnet-0ca08ca318a530bdd]
aws_route_table_association.private[0]: Creation complete after 0s [id=rtbassoc-0a3c4df8f258af6fe]
aws_route_table_association.private[1]: Creation complete after 0s [id=rtbassoc-0c52fffe6ff8c0e89]
aws_route_table_association.public[1]: Creating...
aws_nat_gateway.iac02nat[1]: Creating...
aws_nat_gateway.iac02nat[0]: Creating...
aws_route_table_association.public[0]: Creating...
aws_route.public: Creation complete after 0s [id=r-rtb-0bce7505a3b575b8a1080289494]
aws_route_table_association.public[0]: Creation complete after 0s [id=rtbassoc-069e7c057953917a5]
aws_route_table_association.public[1]: Creation complete after 1s [id=rtbassoc-05735024d1a181ca9]
aws_nat_gateway.iac02nat[1]: Still creating... [10s elapsed]
aws_nat_gateway.iac02nat[0]: Still creating... [10s elapsed]
aws_nat_gateway.iac02nat[1]: Still creating... [20s elapsed]
aws_nat_gateway.iac02nat[0]: Still creating... [20s elapsed]
aws_nat_gateway.iac02nat[1]: Still creating... [30s elapsed]
aws_nat_gateway.iac02nat[0]: Still creating... [30s elapsed]
aws_nat_gateway.iac02nat[1]: Still creating... [40s elapsed]
aws_nat_gateway.iac02nat[0]: Still creating... [40s elapsed]
aws_nat_gateway.iac02nat[1]: Still creating... [50s elapsed]
aws_nat_gateway.iac02nat[0]: Still creating... [50s elapsed]
aws_nat_gateway.iac02nat[1]: Still creating... [1m0s elapsed]
aws_nat_gateway.iac02nat[0]: Still creating... [1m0s elapsed]
aws_nat_gateway.iac02nat[1]: Still creating... [1m10s elapsed]
aws_nat_gateway.iac02nat[0]: Still creating... [1m10s elapsed]
aws_nat_gateway.iac02nat[1]: Still creating... [1m20s elapsed]
aws_nat_gateway.iac02nat[0]: Still creating... [1m20s elapsed]
aws_nat_gateway.iac02nat[1]: Still creating... [1m30s elapsed]
aws_nat_gateway.iac02nat[0]: Still creating... [1m30s elapsed]
aws_nat_gateway.iac02nat[1]: Still creating... [1m40s elapsed]
aws_nat_gateway.iac02nat[0]: Still creating... [1m40s elapsed]
aws_nat_gateway.iac02nat[1]: Creation complete after 1m46s [id=nat-065ad4a2da2a96573]
aws_nat_gateway.iac02nat[0]: Still creating... [1m50s elapsed]
aws_nat_gateway.iac02nat[0]: Creation complete after 1m57s [id=nat-0ce354641a2f54c55]
aws_route.private[0]: Creating...
aws_route.private[1]: Creating...
aws_route.private[0]: Creation complete after 0s [id=r-rtb-0e8fc9fdd61f386231080289494]
aws_route.private[1]: Creation complete after 0s [id=r-rtb-0641c3f92ac6f60ef1080289494]

Apply complete! Resources: 20 added, 0 changed, 0 destroyed.

The state of your infrastructure has been saved to the path
below. This state is required to modify and destroy your
infrastructure, so keep it safe. To inspect the complete state
use the `terraform show` command.

State path: ./terraform.tfstate

Outputs:

cidr_block = 10.0.0.0/16
id = vpc-070a1ac69b42d4002
private_subnet_ids = [
  "subnet-084a89ffe92af4279",
  "subnet-0e1de98023bbb6278",
]
public_subnet_ids = [
  "subnet-0ca08ca318a530bdd",
  "subnet-06d8f7c227c439d75",
]

