➜  mfreitassm git:(mfreitassm/c04-iac02) ✗ terraform plan -var-file="main.tfvars" 

Refreshing Terraform state in-memory prior to plan...
The refreshed state will be used to calculate this plan, but will not be
persisted to local or remote state storage.


------------------------------------------------------------------------

An execution plan has been generated and is shown below.
Resource actions are indicated with the following symbols:
  + create

Terraform will perform the following actions:

  # aws_eip.devops_ngw_ip will be created
  + resource "aws_eip" "devops_ngw_ip" {
      + allocation_id     = (known after apply)
      + association_id    = (known after apply)
      + customer_owned_ip = (known after apply)
      + domain            = (known after apply)
      + id                = (known after apply)
      + instance          = (known after apply)
      + network_interface = (known after apply)
      + private_dns       = (known after apply)
      + private_ip        = (known after apply)
      + public_dns        = (known after apply)
      + public_ip         = (known after apply)
      + public_ipv4_pool  = (known after apply)
      + vpc               = true
    }

  # aws_internet_gateway.devops_igw will be created
  + resource "aws_internet_gateway" "devops_igw" {
      + arn      = (known after apply)
      + id       = (known after apply)
      + owner_id = (known after apply)
      + tags     = {
          + "Name" = "devops-igw"
        }
      + vpc_id   = (known after apply)
    }

  # aws_nat_gateway.devops_ngw will be created
  + resource "aws_nat_gateway" "devops_ngw" {
      + allocation_id        = (known after apply)
      + id                   = (known after apply)
      + network_interface_id = (known after apply)
      + private_ip           = (known after apply)
      + public_ip            = (known after apply)
      + subnet_id            = (known after apply)
      + tags                 = {
          + "Name" = "devops-ngw"
        }
    }

  # aws_route.private_rtb_ngw will be created
  + resource "aws_route" "private_rtb_ngw" {
      + destination_cidr_block     = "0.0.0.0/0"
      + destination_prefix_list_id = (known after apply)
      + egress_only_gateway_id     = (known after apply)
      + gateway_id                 = (known after apply)
      + id                         = (known after apply)
      + instance_id                = (known after apply)
      + instance_owner_id          = (known after apply)
      + nat_gateway_id             = (known after apply)
      + network_interface_id       = (known after apply)
      + origin                     = (known after apply)
      + route_table_id             = (known after apply)
      + state                      = (known after apply)
    }

  # aws_route.public_rtb_igw will be created
  + resource "aws_route" "public_rtb_igw" {
      + destination_cidr_block     = "0.0.0.0/0"
      + destination_prefix_list_id = (known after apply)
      + egress_only_gateway_id     = (known after apply)
      + gateway_id                 = (known after apply)
      + id                         = (known after apply)
      + instance_id                = (known after apply)
      + instance_owner_id          = (known after apply)
      + nat_gateway_id             = (known after apply)
      + network_interface_id       = (known after apply)
      + origin                     = (known after apply)
      + route_table_id             = (known after apply)
      + state                      = (known after apply)
    }

  # aws_route_table.private_rtb will be created
  + resource "aws_route_table" "private_rtb" {
      + id               = (known after apply)
      + owner_id         = (known after apply)
      + propagating_vgws = (known after apply)
      + route            = (known after apply)
      + tags             = {
          + "Name" = "devops-rtb-ngw"
        }
      + vpc_id           = (known after apply)
    }

  # aws_route_table.public_rtb will be created
  + resource "aws_route_table" "public_rtb" {
      + id               = (known after apply)
      + owner_id         = (known after apply)
      + propagating_vgws = (known after apply)
      + route            = (known after apply)
      + tags             = {
          + "Name" = "devops-rtb-igw"
        }
      + vpc_id           = (known after apply)
    }

  # aws_route_table_association.private_rtb_association[0] will be created
  + resource "aws_route_table_association" "private_rtb_association" {
      + id             = (known after apply)
      + route_table_id = (known after apply)
      + subnet_id      = (known after apply)
    }

  # aws_route_table_association.private_rtb_association[1] will be created
  + resource "aws_route_table_association" "private_rtb_association" {
      + id             = (known after apply)
      + route_table_id = (known after apply)
      + subnet_id      = (known after apply)
    }

  # aws_route_table_association.public_rtb_association[0] will be created
  + resource "aws_route_table_association" "public_rtb_association" {
      + id             = (known after apply)
      + route_table_id = (known after apply)
      + subnet_id      = (known after apply)
    }

  # aws_route_table_association.public_rtb_association[1] will be created
  + resource "aws_route_table_association" "public_rtb_association" {
      + id             = (known after apply)
      + route_table_id = (known after apply)
      + subnet_id      = (known after apply)
    }

  # aws_subnet.private[0] will be created
  + resource "aws_subnet" "private" {
      + arn                             = (known after apply)
      + assign_ipv6_address_on_creation = false
      + availability_zone               = "ap-southeast-2a"
      + availability_zone_id            = (known after apply)
      + cidr_block                      = "10.0.0.0/24"
      + id                              = (known after apply)
      + ipv6_cidr_block                 = (known after apply)
      + ipv6_cidr_block_association_id  = (known after apply)
      + map_public_ip_on_launch         = false
      + owner_id                        = (known after apply)
      + tags                            = {
          + "Name" = "private-a"
        }
      + vpc_id                          = (known after apply)
    }

  # aws_subnet.private[1] will be created
  + resource "aws_subnet" "private" {
      + arn                             = (known after apply)
      + assign_ipv6_address_on_creation = false
      + availability_zone               = "ap-southeast-2b"
      + availability_zone_id            = (known after apply)
      + cidr_block                      = "10.0.10.0/24"
      + id                              = (known after apply)
      + ipv6_cidr_block                 = (known after apply)
      + ipv6_cidr_block_association_id  = (known after apply)
      + map_public_ip_on_launch         = false
      + owner_id                        = (known after apply)
      + tags                            = {
          + "Name" = "private-b"
        }
      + vpc_id                          = (known after apply)
    }

  # aws_subnet.public[0] will be created
  + resource "aws_subnet" "public" {
      + arn                             = (known after apply)
      + assign_ipv6_address_on_creation = false
      + availability_zone               = "ap-southeast-2a"
      + availability_zone_id            = (known after apply)
      + cidr_block                      = "10.0.1.0/24"
      + id                              = (known after apply)
      + ipv6_cidr_block                 = (known after apply)
      + ipv6_cidr_block_association_id  = (known after apply)
      + map_public_ip_on_launch         = true
      + owner_id                        = (known after apply)
      + tags                            = {
          + "Name" = "public-a"
        }
      + vpc_id                          = (known after apply)
    }

  # aws_subnet.public[1] will be created
  + resource "aws_subnet" "public" {
      + arn                             = (known after apply)
      + assign_ipv6_address_on_creation = false
      + availability_zone               = "ap-southeast-2b"
      + availability_zone_id            = (known after apply)
      + cidr_block                      = "10.0.11.0/24"
      + id                              = (known after apply)
      + ipv6_cidr_block                 = (known after apply)
      + ipv6_cidr_block_association_id  = (known after apply)
      + map_public_ip_on_launch         = true
      + owner_id                        = (known after apply)
      + tags                            = {
          + "Name" = "public-b"
        }
      + vpc_id                          = (known after apply)
    }

  # aws_vpc.devops_vpc will be created
  + resource "aws_vpc" "devops_vpc" {
      + arn                              = (known after apply)
      + assign_generated_ipv6_cidr_block = false
      + cidr_block                       = "10.0.0.0/16"
      + default_network_acl_id           = (known after apply)
      + default_route_table_id           = (known after apply)
      + default_security_group_id        = (known after apply)
      + dhcp_options_id                  = (known after apply)
      + enable_classiclink               = (known after apply)
      + enable_classiclink_dns_support   = (known after apply)
      + enable_dns_hostnames             = true
      + enable_dns_support               = true
      + id                               = (known after apply)
      + instance_tenancy                 = "default"
      + ipv6_association_id              = (known after apply)
      + ipv6_cidr_block                  = (known after apply)
      + main_route_table_id              = (known after apply)
      + owner_id                         = (known after apply)
      + tags                             = {
          + "Name" = "devopsacademy-iac"
        }
    }

Plan: 16 to add, 0 to change, 0 to destroy.

------------------------------------------------------------------------