conor.chisholm-ray@contino.io@Conors-MacBook-Pro chisholm-ray % terraform plan -var-file=main.tfvars

Terraform used the selected providers to generate the following execution plan. Resource actions are indicated with the following symbols:
  + create

Terraform will perform the following actions:

  # aws_internet_gateway.public will be created
  + resource "aws_internet_gateway" "public" {
      + arn      = (known after apply)
      + id       = (known after apply)
      + owner_id = (known after apply)
      + tags_all = (known after apply)
      + vpc_id   = (known after apply)
    }

  # aws_nat_gateway.private will be created
  + resource "aws_nat_gateway" "private" {
      + connectivity_type    = "private"
      + id                   = (known after apply)
      + network_interface_id = (known after apply)
      + private_ip           = (known after apply)
      + public_ip            = (known after apply)
      + subnet_id            = (known after apply)
      + tags                 = {
          + "Name" = "CCR-Private-NatGateway"
          + "Type" = "Private"
        }
      + tags_all             = {
          + "Name" = "CCR-Private-NatGateway"
          + "Type" = "Private"
        }
    }

  # aws_route_table.private will be created
  + resource "aws_route_table" "private" {
      + arn              = (known after apply)
      + id               = (known after apply)
      + owner_id         = (known after apply)
      + propagating_vgws = (known after apply)
      + route            = [
          + {
              + carrier_gateway_id         = ""
              + cidr_block                 = "0.0.0.0/0"
              + destination_prefix_list_id = ""
              + egress_only_gateway_id     = ""
              + gateway_id                 = (known after apply)
              + instance_id                = ""
              + ipv6_cidr_block            = ""
              + local_gateway_id           = ""
              + nat_gateway_id             = ""
              + network_interface_id       = ""
              + transit_gateway_id         = ""
              + vpc_endpoint_id            = ""
              + vpc_peering_connection_id  = ""
            },
        ]
      + tags             = {
          + "Name" = "CCR-Private-routeTable"
          + "Type" = "Private"
        }
      + tags_all         = {
          + "Name" = "CCR-Private-routeTable"
          + "Type" = "Private"
        }
      + vpc_id           = (known after apply)
    }

  # aws_route_table.public will be created
  + resource "aws_route_table" "public" {
      + arn              = (known after apply)
      + id               = (known after apply)
      + owner_id         = (known after apply)
      + propagating_vgws = (known after apply)
      + route            = [
          + {
              + carrier_gateway_id         = ""
              + cidr_block                 = "0.0.0.0/0"
              + destination_prefix_list_id = ""
              + egress_only_gateway_id     = ""
              + gateway_id                 = (known after apply)
              + instance_id                = ""
              + ipv6_cidr_block            = ""
              + local_gateway_id           = ""
              + nat_gateway_id             = ""
              + network_interface_id       = ""
              + transit_gateway_id         = ""
              + vpc_endpoint_id            = ""
              + vpc_peering_connection_id  = ""
            },
        ]
      + tags             = {
          + "Name" = "CCR-Public-ALL-routeTable"
          + "Type" = "Public"
        }
      + tags_all         = {
          + "Name" = "CCR-Public-ALL-routeTable"
          + "Type" = "Public"
        }
      + vpc_id           = (known after apply)
    }

  # aws_route_table_association.private_1 will be created
  + resource "aws_route_table_association" "private_1" {
      + id             = (known after apply)
      + route_table_id = (known after apply)
      + subnet_id      = (known after apply)
    }

  # aws_route_table_association.private_2 will be created
  + resource "aws_route_table_association" "private_2" {
      + id             = (known after apply)
      + route_table_id = (known after apply)
      + subnet_id      = (known after apply)
    }

  # aws_route_table_association.public_1 will be created
  + resource "aws_route_table_association" "public_1" {
      + id             = (known after apply)
      + route_table_id = (known after apply)
      + subnet_id      = (known after apply)
    }

  # aws_route_table_association.public_2 will be created
  + resource "aws_route_table_association" "public_2" {
      + id             = (known after apply)
      + route_table_id = (known after apply)
      + subnet_id      = (known after apply)
    }

  # aws_subnet.private_1 will be created
  + resource "aws_subnet" "private_1" {
      + arn                                            = (known after apply)
      + assign_ipv6_address_on_creation                = false
      + availability_zone                              = "ap-southeast-2a"
      + availability_zone_id                           = (known after apply)
      + cidr_block                                     = "10.0.10.0/24"
      + enable_dns64                                   = false
      + enable_resource_name_dns_a_record_on_launch    = false
      + enable_resource_name_dns_aaaa_record_on_launch = false
      + id                                             = (known after apply)
      + ipv6_cidr_block_association_id                 = (known after apply)
      + ipv6_native                                    = false
      + map_public_ip_on_launch                        = false
      + owner_id                                       = (known after apply)
      + private_dns_hostname_type_on_launch            = (known after apply)
      + tags                                           = {
          + "Name" = "subnet_1_priv-ccr"
          + "Type" = "Private"
        }
      + tags_all                                       = {
          + "Name" = "subnet_1_priv-ccr"
          + "Type" = "Private"
        }
      + vpc_id                                         = (known after apply)
    }

  # aws_subnet.private_2 will be created
  + resource "aws_subnet" "private_2" {
      + arn                                            = (known after apply)
      + assign_ipv6_address_on_creation                = false
      + availability_zone                              = "ap-southeast-2b"
      + availability_zone_id                           = (known after apply)
      + cidr_block                                     = "10.0.11.0/24"
      + enable_dns64                                   = false
      + enable_resource_name_dns_a_record_on_launch    = false
      + enable_resource_name_dns_aaaa_record_on_launch = false
      + id                                             = (known after apply)
      + ipv6_cidr_block_association_id                 = (known after apply)
      + ipv6_native                                    = false
      + map_public_ip_on_launch                        = false
      + owner_id                                       = (known after apply)
      + private_dns_hostname_type_on_launch            = (known after apply)
      + tags                                           = {
          + "Name" = "subnet_1_priv-ccr"
          + "Type" = "Private"
        }
      + tags_all                                       = {
          + "Name" = "subnet_1_priv-ccr"
          + "Type" = "Private"
        }
      + vpc_id                                         = (known after apply)
    }

  # aws_subnet.public_1 will be created
  + resource "aws_subnet" "public_1" {
      + arn                                            = (known after apply)
      + assign_ipv6_address_on_creation                = false
      + availability_zone                              = "ap-southeast-2a"
      + availability_zone_id                           = (known after apply)
      + cidr_block                                     = "10.0.110.0/24"
      + enable_dns64                                   = false
      + enable_resource_name_dns_a_record_on_launch    = false
      + enable_resource_name_dns_aaaa_record_on_launch = false
      + id                                             = (known after apply)
      + ipv6_cidr_block_association_id                 = (known after apply)
      + ipv6_native                                    = false
      + map_public_ip_on_launch                        = false
      + owner_id                                       = (known after apply)
      + private_dns_hostname_type_on_launch            = (known after apply)
      + tags                                           = {
          + "Name" = "subnet_1_pub-ccr"
          + "Type" = "Private"
        }
      + tags_all                                       = {
          + "Name" = "subnet_1_pub-ccr"
          + "Type" = "Private"
        }
      + vpc_id                                         = (known after apply)
    }

  # aws_subnet.public_2 will be created
  + resource "aws_subnet" "public_2" {
      + arn                                            = (known after apply)
      + assign_ipv6_address_on_creation                = false
      + availability_zone                              = "ap-southeast-2b"
      + availability_zone_id                           = (known after apply)
      + cidr_block                                     = "10.0.111.0/24"
      + enable_dns64                                   = false
      + enable_resource_name_dns_a_record_on_launch    = false
      + enable_resource_name_dns_aaaa_record_on_launch = false
      + id                                             = (known after apply)
      + ipv6_cidr_block_association_id                 = (known after apply)
      + ipv6_native                                    = false
      + map_public_ip_on_launch                        = false
      + owner_id                                       = (known after apply)
      + private_dns_hostname_type_on_launch            = (known after apply)
      + tags                                           = {
          + "Name" = "subnet_1_pub-ccr"
          + "Type" = "Private"
        }
      + tags_all                                       = {
          + "Name" = "subnet_1_pub-ccr"
          + "Type" = "Private"
        }
      + vpc_id                                         = (known after apply)
    }

  # aws_vpc.main will be created
  + resource "aws_vpc" "main" {
      + arn                                  = (known after apply)
      + cidr_block                           = "10.0.0.0/16"
      + default_network_acl_id               = (known after apply)
      + default_route_table_id               = (known after apply)
      + default_security_group_id            = (known after apply)
      + dhcp_options_id                      = (known after apply)
      + enable_classiclink                   = (known after apply)
      + enable_classiclink_dns_support       = (known after apply)
      + enable_dns_hostnames                 = (known after apply)
      + enable_dns_support                   = true
      + id                                   = (known after apply)
      + instance_tenancy                     = "default"
      + ipv6_association_id                  = (known after apply)
      + ipv6_cidr_block                      = (known after apply)
      + ipv6_cidr_block_network_border_group = (known after apply)
      + main_route_table_id                  = (known after apply)
      + owner_id                             = (known after apply)
      + tags                                 = {
          + "Name" = "devopsacademy-iac-ccr"
        }
      + tags_all                             = {
          + "Name" = "devopsacademy-iac-ccr"
        }
    }

Plan: 13 to add, 0 to change, 0 to destroy.

Changes to Outputs:
  + ccr_vpc_cidr = "10.0.0.0/16"
  + subnet_cidrs = [
      + "10.0.10.0/24",
      + "10.0.11.0/24",
      + "10.0.110.0/24",
      + "10.0.111.0/24",
    ]

─────────────────────────────────────────────────────────────────────────────────────────────────────────────────────────────────────────────────────────────────────────────────

Note: You didn't use the -out option to save this plan, so Terraform can't guarantee to take exactly these actions if you run "terraform apply" now.