➜  gepifanio git:(gepifanio/c04-iac02) ✗ terraform plan -var-file=./main.tfvars -out test.txt
Refreshing Terraform state in-memory prior to plan...
The refreshed state will be used to calculate this plan, but will not be
persisted to local or remote state storage.


------------------------------------------------------------------------

An execution plan has been generated and is shown below.
Resource actions are indicated with the following symbols:
  + create

Terraform will perform the following actions:

  # aws_eip.lb will be created
  + resource "aws_eip" "lb" {
      + allocation_id     = (known after apply)
      + association_id    = (known after apply)
      + customer_owned_ip = (known after apply)
      + domain            = (known after apply)
      + id                = (known after apply)
      + instance          = (known after apply)
      + network_interface = (known after apply)
      + private_dns       = (known after apply)
      + private_ip        = (known after apply)
      + public_dns        = (known after apply)
      + public_ip         = (known after apply)
      + public_ipv4_pool  = (known after apply)
      + vpc               = true
    }

  # aws_internet_gateway.igw will be created
  + resource "aws_internet_gateway" "igw" {
      + arn      = (known after apply)
      + id       = (known after apply)
      + owner_id = (known after apply)
      + tags     = {
          + "Name" = "igw-iac"
        }
      + vpc_id   = (known after apply)
    }

  # aws_nat_gateway.ngw will be created
  + resource "aws_nat_gateway" "ngw" {
      + allocation_id        = (known after apply)
      + id                   = (known after apply)
      + network_interface_id = (known after apply)
      + private_ip           = (known after apply)
      + public_ip            = (known after apply)
      + subnet_id            = (known after apply)
      + tags                 = {
          + "Name" = "ngw-iac"
        }
    }

  # aws_route_table.route_table_private will be created
  + resource "aws_route_table" "route_table_private" {
      + id               = (known after apply)
      + owner_id         = (known after apply)
      + propagating_vgws = (known after apply)
      + route            = [
          + {
              + cidr_block                = "0.0.0.0/0"
              + egress_only_gateway_id    = ""
              + gateway_id                = ""
              + instance_id               = ""
              + ipv6_cidr_block           = ""
              + nat_gateway_id            = (known after apply)
              + network_interface_id      = ""
              + transit_gateway_id        = ""
              + vpc_peering_connection_id = ""
            },
        ]
      + tags             = {
          + "Name" = "rt_iac_private"
        }
      + vpc_id           = (known after apply)
    }

  # aws_route_table.route_table_public will be created
  + resource "aws_route_table" "route_table_public" {
      + id               = (known after apply)
      + owner_id         = (known after apply)
      + propagating_vgws = (known after apply)
      + route            = [
          + {
              + cidr_block                = "0.0.0.0/0"
              + egress_only_gateway_id    = ""
              + gateway_id                = (known after apply)
              + instance_id               = ""
              + ipv6_cidr_block           = ""
              + nat_gateway_id            = ""
              + network_interface_id      = ""
              + transit_gateway_id        = ""
              + vpc_peering_connection_id = ""
            },
        ]
      + tags             = {
          + "Name" = "rt_iac_public"
        }
      + vpc_id           = (known after apply)
    }

  # aws_route_table_association.private-a will be created
  + resource "aws_route_table_association" "private-a" {
      + id             = (known after apply)
      + route_table_id = (known after apply)
      + subnet_id      = (known after apply)
    }

  # aws_route_table_association.private-b will be created
  + resource "aws_route_table_association" "private-b" {
      + id             = (known after apply)
      + route_table_id = (known after apply)
      + subnet_id      = (known after apply)
    }

  # aws_route_table_association.public-a will be created
  + resource "aws_route_table_association" "public-a" {
      + id             = (known after apply)
      + route_table_id = (known after apply)
      + subnet_id      = (known after apply)
    }

  # aws_route_table_association.public-b will be created
  + resource "aws_route_table_association" "public-b" {
      + id             = (known after apply)
      + route_table_id = (known after apply)
      + subnet_id      = (known after apply)
    }

  # aws_subnet.subnet_1_private will be created
  + resource "aws_subnet" "subnet_1_private" {
      + arn                             = (known after apply)
      + assign_ipv6_address_on_creation = false
      + availability_zone               = "ap-southeast-2a"
      + availability_zone_id            = (known after apply)
      + cidr_block                      = "10.0.0.0/19"
      + id                              = (known after apply)
      + ipv6_cidr_block                 = (known after apply)
      + ipv6_cidr_block_association_id  = (known after apply)
      + map_public_ip_on_launch         = false
      + owner_id                        = (known after apply)
      + tags                            = {
          + "Name" = "private-a"
        }
      + vpc_id                          = (known after apply)
    }

  # aws_subnet.subnet_2_private will be created
  + resource "aws_subnet" "subnet_2_private" {
      + arn                             = (known after apply)
      + assign_ipv6_address_on_creation = false
      + availability_zone               = "ap-southeast-2b"
      + availability_zone_id            = (known after apply)
      + cidr_block                      = "10.0.32.0/19"
      + id                              = (known after apply)
      + ipv6_cidr_block                 = (known after apply)
      + ipv6_cidr_block_association_id  = (known after apply)
      + map_public_ip_on_launch         = false
      + owner_id                        = (known after apply)
      + tags                            = {
          + "Name" = "private-b"
        }
      + vpc_id                          = (known after apply)
    }

  # aws_subnet.subnet_3_public will be created
  + resource "aws_subnet" "subnet_3_public" {
      + arn                             = (known after apply)
      + assign_ipv6_address_on_creation = false
      + availability_zone               = "ap-southeast-2a"
      + availability_zone_id            = (known after apply)
      + cidr_block                      = "10.0.64.0/18"
      + id                              = (known after apply)
      + ipv6_cidr_block                 = (known after apply)
      + ipv6_cidr_block_association_id  = (known after apply)
      + map_public_ip_on_launch         = false
      + owner_id                        = (known after apply)
      + tags                            = {
          + "Name" = "public-a"
        }
      + vpc_id                          = (known after apply)
    }

  # aws_subnet.subnet_4_public will be created
  + resource "aws_subnet" "subnet_4_public" {
      + arn                             = (known after apply)
      + assign_ipv6_address_on_creation = false
      + availability_zone               = "ap-southeast-2b"
      + availability_zone_id            = (known after apply)
      + cidr_block                      = "10.0.128.0/18"
      + id                              = (known after apply)
      + ipv6_cidr_block                 = (known after apply)
      + ipv6_cidr_block_association_id  = (known after apply)
      + map_public_ip_on_launch         = false
      + owner_id                        = (known after apply)
      + tags                            = {
          + "Name" = "public-b"
        }
      + vpc_id                          = (known after apply)
    }

  # aws_vpc.vpc_iac will be created
  + resource "aws_vpc" "vpc_iac" {
      + arn                              = (known after apply)
      + assign_generated_ipv6_cidr_block = false
      + cidr_block                       = "10.0.0.0/16"
      + default_network_acl_id           = (known after apply)
      + default_route_table_id           = (known after apply)
      + default_security_group_id        = (known after apply)
      + dhcp_options_id                  = (known after apply)
      + enable_classiclink               = (known after apply)
      + enable_classiclink_dns_support   = (known after apply)
      + enable_dns_hostnames             = (known after apply)
      + enable_dns_support               = true
      + id                               = (known after apply)
      + instance_tenancy                 = "default"
      + ipv6_association_id              = (known after apply)
      + ipv6_cidr_block                  = (known after apply)
      + main_route_table_id              = (known after apply)
      + owner_id                         = (known after apply)
      + tags                             = {
          + "Name" = "devopsacademy-iac"
        }
    }

Plan: 14 to add, 0 to change, 0 to destroy.

------------------------------------------------------------------------

This plan was saved to: test.txt

To perform exactly these actions, run the following command to apply:
    terraform apply "test.txt"

➜  gepifanio git:(gepifanio/c04-iac02) ✗ terraform apply test.txt

aws_eip.lb: Creating...
aws_vpc.vpc_iac: Creating...
aws_eip.lb: Creation complete after 1s [id=eipalloc-0b66dacc441447c16]
aws_vpc.vpc_iac: Creation complete after 4s [id=vpc-0ac7415a4b709972b]
aws_internet_gateway.igw: Creating...
aws_subnet.subnet_1_private: Creating...
aws_subnet.subnet_3_public: Creating...
aws_subnet.subnet_4_public: Creating...
aws_subnet.subnet_2_private: Creating...
aws_subnet.subnet_4_public: Creation complete after 1s [id=subnet-05c0bdfc076480521]
aws_subnet.subnet_1_private: Creation complete after 1s [id=subnet-0c3a78d624e61f50e]
aws_subnet.subnet_3_public: Creation complete after 1s [id=subnet-0aefb0cbaeb5ed728]
aws_subnet.subnet_2_private: Creation complete after 1s [id=subnet-0121a753c8a0fed53]
aws_nat_gateway.ngw: Creating...
aws_internet_gateway.igw: Creation complete after 1s [id=igw-04f4159d94a736711]
aws_route_table.route_table_public: Creating...
aws_route_table.route_table_public: Creation complete after 7s [id=rtb-0cdee97d7c003edd7]
aws_route_table_association.public-b: Creating...
aws_route_table_association.public-a: Creating...
aws_route_table_association.public-b: Creation complete after 0s [id=rtbassoc-09c365971e63f74d8]
aws_route_table_association.public-a: Creation complete after 0s [id=rtbassoc-084cc3ac5a90010f6]
aws_nat_gateway.ngw: Still creating... [10s elapsed]
aws_nat_gateway.ngw: Still creating... [20s elapsed]
aws_nat_gateway.ngw: Still creating... [30s elapsed]
aws_nat_gateway.ngw: Still creating... [40s elapsed]
aws_nat_gateway.ngw: Still creating... [50s elapsed]
aws_nat_gateway.ngw: Still creating... [1m0s elapsed]
aws_nat_gateway.ngw: Still creating... [1m10s elapsed]
aws_nat_gateway.ngw: Still creating... [1m20s elapsed]
aws_nat_gateway.ngw: Still creating... [1m30s elapsed]
aws_nat_gateway.ngw: Still creating... [1m40s elapsed]
aws_nat_gateway.ngw: Still creating... [1m50s elapsed]
aws_nat_gateway.ngw: Still creating... [2m0s elapsed]
aws_nat_gateway.ngw: Creation complete after 2m3s [id=nat-08f280a828094fda7]
aws_route_table.route_table_private: Creating...
aws_route_table.route_table_private: Creation complete after 2s [id=rtb-06eeba077fa3a2d89]
aws_route_table_association.private-b: Creating...
aws_route_table_association.private-a: Creating...
aws_route_table_association.private-b: Creation complete after 1s [id=rtbassoc-02277c31f94f66b5c]
aws_route_table_association.private-a: Creation complete after 1s [id=rtbassoc-0852f6713bfb8369f]

Apply complete! Resources: 14 added, 0 changed, 0 destroyed.

The state of your infrastructure has been saved to the path
below. This state is required to modify and destroy your
infrastructure, so keep it safe. To inspect the complete state
use the `terraform show` command.

State path: ./terraform.tfstate

Outputs:

subnet_1_private = 10.0.0.0/19
subnet_2_private = 10.0.32.0/19
subnet_3_public = 10.0.64.0/18
subnet_4_public = 10.0.128.0/18
vpc_cidr = 10.0.0.0/16


➜  gepifanio git:(gepifanio/c04-iac02) ✗ terraform destroy -var-file=./main.tfvars
aws_eip.lb: Refreshing state... [id=eipalloc-0b66dacc441447c16]
aws_vpc.vpc_iac: Refreshing state... [id=vpc-0ac7415a4b709972b]
aws_subnet.subnet_2_private: Refreshing state... [id=subnet-0121a753c8a0fed53]
aws_internet_gateway.igw: Refreshing state... [id=igw-04f4159d94a736711]
aws_subnet.subnet_3_public: Refreshing state... [id=subnet-0aefb0cbaeb5ed728]
aws_subnet.subnet_4_public: Refreshing state... [id=subnet-05c0bdfc076480521]
aws_subnet.subnet_1_private: Refreshing state... [id=subnet-0c3a78d624e61f50e]
aws_route_table.route_table_public: Refreshing state... [id=rtb-0cdee97d7c003edd7]
aws_nat_gateway.ngw: Refreshing state... [id=nat-08f280a828094fda7]
aws_route_table.route_table_private: Refreshing state... [id=rtb-06eeba077fa3a2d89]
aws_route_table_association.public-b: Refreshing state... [id=rtbassoc-09c365971e63f74d8]
aws_route_table_association.public-a: Refreshing state... [id=rtbassoc-084cc3ac5a90010f6]
aws_route_table_association.private-b: Refreshing state... [id=rtbassoc-02277c31f94f66b5c]
aws_route_table_association.private-a: Refreshing state... [id=rtbassoc-0852f6713bfb8369f]

An execution plan has been generated and is shown below.
Resource actions are indicated with the following symbols:
  - destroy

Terraform will perform the following actions:

  # aws_eip.lb will be destroyed
  - resource "aws_eip" "lb" {
      - association_id    = "eipassoc-0645d3ea1db973a63" -> null
      - domain            = "vpc" -> null
      - id                = "eipalloc-0b66dacc441447c16" -> null
      - network_interface = "eni-005cb0df0f44dcebd" -> null
      - private_dns       = "ip-10-0-12-197.ap-southeast-2.compute.internal" -> null
      - private_ip        = "10.0.12.197" -> null
      - public_dns        = "ec2-52-63-206-63.ap-southeast-2.compute.amazonaws.com" -> null
      - public_ip         = "52.63.206.63" -> null
      - public_ipv4_pool  = "amazon" -> null
      - tags              = {} -> null
      - vpc               = true -> null
    }

  # aws_internet_gateway.igw will be destroyed
  - resource "aws_internet_gateway" "igw" {
      - arn      = "arn:aws:ec2:ap-southeast-2:873547843801:internet-gateway/igw-04f4159d94a736711" -> null
      - id       = "igw-04f4159d94a736711" -> null
      - owner_id = "873547843801" -> null
      - tags     = {
          - "Name" = "igw-iac"
        } -> null
      - vpc_id   = "vpc-0ac7415a4b709972b" -> null
    }

  # aws_nat_gateway.ngw will be destroyed
  - resource "aws_nat_gateway" "ngw" {
      - allocation_id        = "eipalloc-0b66dacc441447c16" -> null
      - id                   = "nat-08f280a828094fda7" -> null
      - network_interface_id = "eni-005cb0df0f44dcebd" -> null
      - private_ip           = "10.0.12.197" -> null
      - public_ip            = "52.63.206.63" -> null
      - subnet_id            = "subnet-0c3a78d624e61f50e" -> null
      - tags                 = {
          - "Name" = "ngw-iac"
        } -> null
    }

  # aws_route_table.route_table_private will be destroyed
  - resource "aws_route_table" "route_table_private" {
      - id               = "rtb-06eeba077fa3a2d89" -> null
      - owner_id         = "873547843801" -> null
      - propagating_vgws = [] -> null
      - route            = [
          - {
              - cidr_block                = "0.0.0.0/0"
              - egress_only_gateway_id    = ""
              - gateway_id                = ""
              - instance_id               = ""
              - ipv6_cidr_block           = ""
              - nat_gateway_id            = "nat-08f280a828094fda7"
              - network_interface_id      = ""
              - transit_gateway_id        = ""
              - vpc_peering_connection_id = ""
            },
        ] -> null
      - tags             = {
          - "Name" = "rt_iac_private"
        } -> null
      - vpc_id           = "vpc-0ac7415a4b709972b" -> null
    }

  # aws_route_table.route_table_public will be destroyed
  - resource "aws_route_table" "route_table_public" {
      - id               = "rtb-0cdee97d7c003edd7" -> null
      - owner_id         = "873547843801" -> null
      - propagating_vgws = [] -> null
      - route            = [
          - {
              - cidr_block                = "0.0.0.0/0"
              - egress_only_gateway_id    = ""
              - gateway_id                = "igw-04f4159d94a736711"
              - instance_id               = ""
              - ipv6_cidr_block           = ""
              - nat_gateway_id            = ""
              - network_interface_id      = ""
              - transit_gateway_id        = ""
              - vpc_peering_connection_id = ""
            },
        ] -> null
      - tags             = {
          - "Name" = "rt_iac_public"
        } -> null
      - vpc_id           = "vpc-0ac7415a4b709972b" -> null
    }

  # aws_route_table_association.private-a will be destroyed
  - resource "aws_route_table_association" "private-a" {
      - id             = "rtbassoc-0852f6713bfb8369f" -> null
      - route_table_id = "rtb-06eeba077fa3a2d89" -> null
      - subnet_id      = "subnet-0c3a78d624e61f50e" -> null
    }

  # aws_route_table_association.private-b will be destroyed
  - resource "aws_route_table_association" "private-b" {
      - id             = "rtbassoc-02277c31f94f66b5c" -> null
      - route_table_id = "rtb-06eeba077fa3a2d89" -> null
      - subnet_id      = "subnet-0121a753c8a0fed53" -> null
    }

  # aws_route_table_association.public-a will be destroyed
  - resource "aws_route_table_association" "public-a" {
      - id             = "rtbassoc-084cc3ac5a90010f6" -> null
      - route_table_id = "rtb-0cdee97d7c003edd7" -> null
      - subnet_id      = "subnet-0aefb0cbaeb5ed728" -> null
    }

  # aws_route_table_association.public-b will be destroyed
  - resource "aws_route_table_association" "public-b" {
      - id             = "rtbassoc-09c365971e63f74d8" -> null
      - route_table_id = "rtb-0cdee97d7c003edd7" -> null
      - subnet_id      = "subnet-05c0bdfc076480521" -> null
    }

  # aws_subnet.subnet_1_private will be destroyed
  - resource "aws_subnet" "subnet_1_private" {
      - arn                             = "arn:aws:ec2:ap-southeast-2:873547843801:subnet/subnet-0c3a78d624e61f50e" -> null
      - assign_ipv6_address_on_creation = false -> null
      - availability_zone               = "ap-southeast-2a" -> null
      - availability_zone_id            = "apse2-az3" -> null
      - cidr_block                      = "10.0.0.0/19" -> null
      - id                              = "subnet-0c3a78d624e61f50e" -> null
      - map_public_ip_on_launch         = false -> null
      - owner_id                        = "873547843801" -> null
      - tags                            = {
          - "Name" = "private-a"
        } -> null
      - vpc_id                          = "vpc-0ac7415a4b709972b" -> null
    }

  # aws_subnet.subnet_2_private will be destroyed
  - resource "aws_subnet" "subnet_2_private" {
      - arn                             = "arn:aws:ec2:ap-southeast-2:873547843801:subnet/subnet-0121a753c8a0fed53" -> null
      - assign_ipv6_address_on_creation = false -> null
      - availability_zone               = "ap-southeast-2b" -> null
      - availability_zone_id            = "apse2-az1" -> null
      - cidr_block                      = "10.0.32.0/19" -> null
      - id                              = "subnet-0121a753c8a0fed53" -> null
      - map_public_ip_on_launch         = false -> null
      - owner_id                        = "873547843801" -> null
      - tags                            = {
          - "Name" = "private-b"
        } -> null
      - vpc_id                          = "vpc-0ac7415a4b709972b" -> null
    }

  # aws_subnet.subnet_3_public will be destroyed
  - resource "aws_subnet" "subnet_3_public" {
      - arn                             = "arn:aws:ec2:ap-southeast-2:873547843801:subnet/subnet-0aefb0cbaeb5ed728" -> null
      - assign_ipv6_address_on_creation = false -> null
      - availability_zone               = "ap-southeast-2a" -> null
      - availability_zone_id            = "apse2-az3" -> null
      - cidr_block                      = "10.0.64.0/18" -> null
      - id                              = "subnet-0aefb0cbaeb5ed728" -> null
      - map_public_ip_on_launch         = false -> null
      - owner_id                        = "873547843801" -> null
      - tags                            = {
          - "Name" = "public-a"
        } -> null
      - vpc_id                          = "vpc-0ac7415a4b709972b" -> null
    }

  # aws_subnet.subnet_4_public will be destroyed
  - resource "aws_subnet" "subnet_4_public" {
      - arn                             = "arn:aws:ec2:ap-southeast-2:873547843801:subnet/subnet-05c0bdfc076480521" -> null
      - assign_ipv6_address_on_creation = false -> null
      - availability_zone               = "ap-southeast-2b" -> null
      - availability_zone_id            = "apse2-az1" -> null
      - cidr_block                      = "10.0.128.0/18" -> null
      - id                              = "subnet-05c0bdfc076480521" -> null
      - map_public_ip_on_launch         = false -> null
      - owner_id                        = "873547843801" -> null
      - tags                            = {
          - "Name" = "public-b"
        } -> null
      - vpc_id                          = "vpc-0ac7415a4b709972b" -> null
    }

  # aws_vpc.vpc_iac will be destroyed
  - resource "aws_vpc" "vpc_iac" {
      - arn                              = "arn:aws:ec2:ap-southeast-2:873547843801:vpc/vpc-0ac7415a4b709972b" -> null
      - assign_generated_ipv6_cidr_block = false -> null
      - cidr_block                       = "10.0.0.0/16" -> null
      - default_network_acl_id           = "acl-01e6aea1e094d33bd" -> null
      - default_route_table_id           = "rtb-0e9158770676cb18a" -> null
      - default_security_group_id        = "sg-0969a22a371391b9c" -> null
      - dhcp_options_id                  = "dopt-3f381258" -> null
      - enable_classiclink               = false -> null
      - enable_classiclink_dns_support   = false -> null
      - enable_dns_hostnames             = false -> null
      - enable_dns_support               = true -> null
      - id                               = "vpc-0ac7415a4b709972b" -> null
      - instance_tenancy                 = "default" -> null
      - main_route_table_id              = "rtb-0e9158770676cb18a" -> null
      - owner_id                         = "873547843801" -> null
      - tags                             = {
          - "Name" = "devopsacademy-iac"
        } -> null
    }

Plan: 0 to add, 0 to change, 14 to destroy.

Do you really want to destroy all resources?
  Terraform will destroy all your managed infrastructure, as shown above.
  There is no undo. Only 'yes' will be accepted to confirm.

  Enter a value: yes

aws_route_table_association.public-a: Destroying... [id=rtbassoc-084cc3ac5a90010f6]
aws_route_table_association.private-b: Destroying... [id=rtbassoc-02277c31f94f66b5c]
aws_route_table_association.private-a: Destroying... [id=rtbassoc-0852f6713bfb8369f]
aws_route_table_association.public-b: Destroying... [id=rtbassoc-09c365971e63f74d8]
aws_route_table_association.private-b: Destruction complete after 0s
aws_route_table_association.private-a: Destruction complete after 0s
aws_subnet.subnet_2_private: Destroying... [id=subnet-0121a753c8a0fed53]
aws_route_table.route_table_private: Destroying... [id=rtb-06eeba077fa3a2d89]
aws_route_table_association.public-b: Destruction complete after 0s
aws_route_table_association.public-a: Destruction complete after 0s
aws_subnet.subnet_4_public: Destroying... [id=subnet-05c0bdfc076480521]
aws_subnet.subnet_3_public: Destroying... [id=subnet-0aefb0cbaeb5ed728]
aws_route_table.route_table_public: Destroying... [id=rtb-0cdee97d7c003edd7]
aws_subnet.subnet_3_public: Destruction complete after 1s
aws_subnet.subnet_4_public: Destruction complete after 1s
aws_route_table.route_table_public: Destruction complete after 1s
aws_internet_gateway.igw: Destroying... [id=igw-04f4159d94a736711]
aws_route_table.route_table_private: Destruction complete after 1s
aws_nat_gateway.ngw: Destroying... [id=nat-08f280a828094fda7]
aws_subnet.subnet_2_private: Destruction complete after 1s
aws_internet_gateway.igw: Still destroying... [id=igw-04f4159d94a736711, 10s elapsed]
aws_nat_gateway.ngw: Still destroying... [id=nat-08f280a828094fda7, 10s elapsed]
aws_internet_gateway.igw: Still destroying... [id=igw-04f4159d94a736711, 20s elapsed]
aws_nat_gateway.ngw: Still destroying... [id=nat-08f280a828094fda7, 20s elapsed]
aws_internet_gateway.igw: Still destroying... [id=igw-04f4159d94a736711, 30s elapsed]
aws_nat_gateway.ngw: Still destroying... [id=nat-08f280a828094fda7, 30s elapsed]
aws_internet_gateway.igw: Still destroying... [id=igw-04f4159d94a736711, 40s elapsed]
aws_nat_gateway.ngw: Still destroying... [id=nat-08f280a828094fda7, 40s elapsed]
aws_internet_gateway.igw: Still destroying... [id=igw-04f4159d94a736711, 50s elapsed]
aws_nat_gateway.ngw: Still destroying... [id=nat-08f280a828094fda7, 50s elapsed]
aws_internet_gateway.igw: Still destroying... [id=igw-04f4159d94a736711, 1m0s elapsed]
aws_nat_gateway.ngw: Still destroying... [id=nat-08f280a828094fda7, 1m0s elapsed]
aws_internet_gateway.igw: Destruction complete after 1m9s
aws_nat_gateway.ngw: Still destroying... [id=nat-08f280a828094fda7, 1m10s elapsed]
aws_nat_gateway.ngw: Destruction complete after 1m12s
aws_subnet.subnet_1_private: Destroying... [id=subnet-0c3a78d624e61f50e]
aws_eip.lb: Destroying... [id=eipalloc-0b66dacc441447c16]
aws_eip.lb: Destruction complete after 1s
aws_subnet.subnet_1_private: Destruction complete after 1s
aws_vpc.vpc_iac: Destroying... [id=vpc-0ac7415a4b709972b]
aws_vpc.vpc_iac: Destruction complete after 1s

Destroy complete! Resources: 14 destroyed.