# Command
    $ terraform plan

# Output
    Refreshing Terraform state in-memory prior to plan...
    The refreshed state will be used to calculate this plan, but will not be
    persisted to local or remote state storage.


    ------------------------------------------------------------------------

    An execution plan has been generated and is shown below.
    Resource actions are indicated with the following symbols:
    + create

    Terraform will perform the following actions:

    # aws_iam_instance_profile.s3-access-pr will be created
    + resource "aws_iam_instance_profile" "s3-access-pr" {
        + arn         = (known after apply)
        + create_date = (known after apply)
        + id          = (known after apply)
        + name        = "s3-access"
        + path        = "/"
        + role        = "s3-access"
        + roles       = (known after apply)
        + unique_id   = (known after apply)
        }

    # aws_iam_role.s3-access will be created
    + resource "aws_iam_role" "s3-access" {
        + arn                   = (known after apply)
        + assume_role_policy    = jsonencode(
                {
                + Statement = [
                    + {
                        + Action    = "sts:AssumeRole"
                        + Effect    = "Allow"
                        + Principal = {
                            + Service = "ec2.amazonaws.com"
                            }
                        + Sid       = ""
                        },
                    ]
                + Version   = "2012-10-17"
                }
            )
        + create_date           = (known after apply)
        + force_detach_policies = false
        + id                    = (known after apply)
        + max_session_duration  = 3600
        + name                  = "s3-access"
        + path                  = "/"
        + unique_id             = (known after apply)
        }

    # aws_iam_role_policy.s3-access-policy will be created
    + resource "aws_iam_role_policy" "s3-access-policy" {
        + id     = (known after apply)
        + name   = "s3-access-policy"
        + policy = jsonencode(
                {
                + Statement = [
                    + {
                        + Action   = [
                            + "s3:*",
                            ]
                        + Effect   = "Allow"
                        + Resource = "*"
                        },
                    ]
                + Version   = "2012-10-17"
                }
            )
        + role   = (known after apply)
        }

    # aws_instance.c04-iac01 will be created
    + resource "aws_instance" "c04-iac01" {
        + ami                          = "ami-2725f631"
        + arn                          = (known after apply)
        + associate_public_ip_address  = (known after apply)
        + availability_zone            = (known after apply)
        + cpu_core_count               = (known after apply)
        + cpu_threads_per_core         = (known after apply)
        + get_password_data            = false
        + host_id                      = (known after apply)
        + id                           = (known after apply)
        + instance_state               = (known after apply)
        + instance_type                = "t2.micro"
        + ipv6_address_count           = (known after apply)
        + ipv6_addresses               = (known after apply)
        + key_name                     = (known after apply)
        + network_interface_id         = (known after apply)
        + password_data                = (known after apply)
        + placement_group              = (known after apply)
        + primary_network_interface_id = (known after apply)
        + private_dns                  = (known after apply)
        + private_ip                   = (known after apply)
        + public_dns                   = (known after apply)
        + public_ip                    = (known after apply)
        + security_groups              = (known after apply)
        + source_dest_check            = true
        + subnet_id                    = (known after apply)
        + tags                         = {
            + "Name" = "First EC2 Instance"
            }
        + tenancy                      = (known after apply)
        + volume_tags                  = (known after apply)
        + vpc_security_group_ids       = (known after apply)

        + ebs_block_device {
            + delete_on_termination = (known after apply)
            + device_name           = (known after apply)
            + encrypted             = (known after apply)
            + iops                  = (known after apply)
            + kms_key_id            = (known after apply)
            + snapshot_id           = (known after apply)
            + volume_id             = (known after apply)
            + volume_size           = (known after apply)
            + volume_type           = (known after apply)
            }

        + ephemeral_block_device {
            + device_name  = (known after apply)
            + no_device    = (known after apply)
            + virtual_name = (known after apply)
            }

        + metadata_options {
            + http_endpoint               = (known after apply)
            + http_put_response_hop_limit = (known after apply)
            + http_tokens                 = (known after apply)
            }

        + network_interface {
            + delete_on_termination = (known after apply)
            + device_index          = (known after apply)
            + network_interface_id  = (known after apply)
            }

        + root_block_device {
            + delete_on_termination = (known after apply)
            + encrypted             = (known after apply)
            + iops                  = (known after apply)
            + kms_key_id            = (known after apply)
            + volume_id             = (known after apply)
            + volume_size           = (known after apply)
            + volume_type           = (known after apply)
            }
        }

    # aws_s3_bucket.bucket will be created
    + resource "aws_s3_bucket" "bucket" {
        + acceleration_status         = (known after apply)
        + acl                         = "private"
        + arn                         = (known after apply)
        + bucket                      = "c04-iac01-s3"
        + bucket_domain_name          = (known after apply)
        + bucket_regional_domain_name = (known after apply)
        + force_destroy               = false
        + hosted_zone_id              = (known after apply)
        + id                          = (known after apply)
        + region                      = (known after apply)
        + request_payer               = (known after apply)
        + tags                        = {
            + "Name" = "DevOpsAcademyBucket"
            }
        + website_domain              = (known after apply)
        + website_endpoint            = (known after apply)

        + versioning {
            + enabled    = (known after apply)
            + mfa_delete = (known after apply)
            }
        }

    # aws_security_group.security_group will be created
    + resource "aws_security_group" "security_group" {
        + arn                    = (known after apply)
        + description            = "Managed by Terraform"
        + egress                 = (known after apply)
        + id                     = (known after apply)
        + ingress                = [
            + {
                + cidr_blocks      = [
                    + "0.0.0.0/0",
                    ]
                + description      = ""
                + from_port        = 22
                + ipv6_cidr_blocks = []
                + prefix_list_ids  = []
                + protocol         = "ssh"
                + security_groups  = []
                + self             = false
                + to_port          = 22
                },
            + {
                + cidr_blocks      = [
                    + "::/0",
                    ]
                + description      = ""
                + from_port        = 22
                + ipv6_cidr_blocks = []
                + prefix_list_ids  = []
                + protocol         = "ssh"
                + security_groups  = []
                + self             = false
                + to_port          = 22
                },
            ]
        + name                   = "c04-iac01-sg"
        + owner_id               = (known after apply)
        + revoke_rules_on_delete = false
        + tags                   = {
            + "Name" = "c04-iac01-sg"
            }
        + vpc_id                 = (known after apply)
        }

    # random_string.random will be created
    + resource "random_string" "random" {
        + id          = (known after apply)
        + length      = 8
        + lower       = true
        + min_lower   = 0
        + min_numeric = 0
        + min_special = 0
        + min_upper   = 0
        + number      = true
        + result      = (known after apply)
        + special     = false
        + upper       = false
        }

    Plan: 7 to add, 0 to change, 0 to destroy.

    ------------------------------------------------------------------------

    Note: You didn't specify an "-out" parameter to save this plan, so Terraform
    can't guarantee that exactly these actions will be performed if
    "terraform apply" is subsequently run.
