➜  jaysues git:(jaysues/c04-iac02) ✗ terraform plan
aws_vpc.devopsacademy_iac: Refreshing state... [id=vpc-06e89224d1c8c9866]
aws_internet_gateway.devopsacademy_igw: Refreshing state... [id=igw-05f4ec85126dd144a]
aws_subnet.pub_a: Refreshing state... [id=subnet-08f5c8bb8262fc817]
aws_subnet.pub_b: Refreshing state... [id=subnet-0fb824651d4e95482]
aws_subnet.priv_b: Refreshing state... [id=subnet-045320a61c335c4d9]
aws_subnet.priv_a: Refreshing state... [id=subnet-03ec656aacc3c4fbd]
aws_route_table.devopsacademy_route_table: Refreshing state... [id=rtb-0c02da0cd63d85170]
aws_route_table_association.priv_b: Refreshing state... [id=rtbassoc-02eaf94401b0b8e3e]
aws_route_table_association.pub_b: Refreshing state... [id=rtbassoc-0392b83c7493aa54c]
aws_route_table_association.pub_a: Refreshing state... [id=rtbassoc-0e33134f1f94be29f]
aws_route_table_association.priv_a: Refreshing state... [id=rtbassoc-0dec4ce4edbd02825]

Terraform used the selected providers to generate the following execution plan. Resource actions are indicated with the following symbols:
  + create
-/+ destroy and then create replacement

Terraform will perform the following actions:

  # aws_eip.devopsacademy_nat_gateway will be created
  + resource "aws_eip" "devopsacademy_nat_gateway" {
      + allocation_id        = (known after apply)
      + association_id       = (known after apply)
      + carrier_ip           = (known after apply)
      + customer_owned_ip    = (known after apply)
      + domain               = (known after apply)
      + id                   = (known after apply)
      + instance             = (known after apply)
      + network_border_group = (known after apply)
      + network_interface    = (known after apply)
      + private_dns          = (known after apply)
      + private_ip           = (known after apply)
      + public_dns           = (known after apply)
      + public_ip            = (known after apply)
      + public_ipv4_pool     = (known after apply)
      + tags_all             = (known after apply)
      + vpc                  = true
    }

  # aws_nat_gateway.devopsacademy_nat_gateway will be created
  + resource "aws_nat_gateway" "devopsacademy_nat_gateway" {
      + allocation_id        = (known after apply)
      + connectivity_type    = "public"
      + id                   = (known after apply)
      + network_interface_id = (known after apply)
      + private_ip           = (known after apply)
      + public_ip            = (known after apply)
      + subnet_id            = (known after apply)
      + tags                 = {
          + "Name" = "devopsacademy-natgw"
        }
      + tags_all             = {
          + "Name" = "devopsacademy-natgw"
        }
    }

  # aws_route_table_association.priv_a must be replaced
-/+ resource "aws_route_table_association" "priv_a" {
      ~ id             = "rtbassoc-0dec4ce4edbd02825" -> (known after apply)
      ~ subnet_id      = "subnet-03ec656aacc3c4fbd" -> (known after apply) # forces replacement
        # (1 unchanged attribute hidden)
    }

  # aws_route_table_association.priv_b must be replaced
-/+ resource "aws_route_table_association" "priv_b" {
      ~ id             = "rtbassoc-02eaf94401b0b8e3e" -> (known after apply)
      ~ subnet_id      = "subnet-045320a61c335c4d9" -> (known after apply) # forces replacement
        # (1 unchanged attribute hidden)
    }

  # aws_route_table_association.pub_a must be replaced
-/+ resource "aws_route_table_association" "pub_a" {
      ~ id             = "rtbassoc-0e33134f1f94be29f" -> (known after apply)
      ~ subnet_id      = "subnet-08f5c8bb8262fc817" -> (known after apply) # forces replacement
        # (1 unchanged attribute hidden)
    }

  # aws_route_table_association.pub_b must be replaced
-/+ resource "aws_route_table_association" "pub_b" {
      ~ id             = "rtbassoc-0392b83c7493aa54c" -> (known after apply)
      ~ subnet_id      = "subnet-0fb824651d4e95482" -> (known after apply) # forces replacement
        # (1 unchanged attribute hidden)
    }

  # aws_subnet.priv_a must be replaced
-/+ resource "aws_subnet" "priv_a" {
      ~ arn                                            = "arn:aws:ec2:ap-southeast-2:738343455957:subnet/subnet-03ec656aacc3c4fbd" -> (known after apply)
      ~ availability_zone_id                           = "apse2-az1" -> (known after apply)
      ~ cidr_block                                     = "10.0.1.0/24" -> "10.0.10.0/24" # forces replacement
      ~ id                                             = "subnet-03ec656aacc3c4fbd" -> (known after apply)
      + ipv6_cidr_block_association_id                 = (known after apply)
      - map_customer_owned_ip_on_launch                = false -> null
      ~ owner_id                                       = "738343455957" -> (known after apply)
      ~ private_dns_hostname_type_on_launch            = "ip-name" -> (known after apply)
        tags                                           = {
            "Name" = "devopsacademy-iac-priv-subnet-a"
        }
        # (9 unchanged attributes hidden)
    }

  # aws_subnet.priv_b must be replaced
-/+ resource "aws_subnet" "priv_b" {
      ~ arn                                            = "arn:aws:ec2:ap-southeast-2:738343455957:subnet/subnet-045320a61c335c4d9" -> (known after apply)
      ~ availability_zone_id                           = "apse2-az2" -> (known after apply)
      ~ cidr_block                                     = "10.0.2.0/24" -> "10.0.20.0/24" # forces replacement
      ~ id                                             = "subnet-045320a61c335c4d9" -> (known after apply)
      + ipv6_cidr_block_association_id                 = (known after apply)
      - map_customer_owned_ip_on_launch                = false -> null
      ~ owner_id                                       = "738343455957" -> (known after apply)
      ~ private_dns_hostname_type_on_launch            = "ip-name" -> (known after apply)
        tags                                           = {
            "Name" = "devopsacademy-iac-priv-subnet-b"
        }
        # (9 unchanged attributes hidden)
    }

  # aws_subnet.pub_a must be replaced
-/+ resource "aws_subnet" "pub_a" {
      ~ arn                                            = "arn:aws:ec2:ap-southeast-2:738343455957:subnet/subnet-08f5c8bb8262fc817" -> (known after apply)
      ~ availability_zone_id                           = "apse2-az1" -> (known after apply)
      ~ cidr_block                                     = "10.0.101.0/24" -> "10.0.40.0/24" # forces replacement
      ~ id                                             = "subnet-08f5c8bb8262fc817" -> (known after apply)
      + ipv6_cidr_block_association_id                 = (known after apply)
      - map_customer_owned_ip_on_launch                = false -> null
      ~ owner_id                                       = "738343455957" -> (known after apply)
      ~ private_dns_hostname_type_on_launch            = "ip-name" -> (known after apply)
        tags                                           = {
            "Name" = "devopsacademy-iac-pub-subnet-a"
        }
        # (9 unchanged attributes hidden)
    }

  # aws_subnet.pub_b must be replaced
-/+ resource "aws_subnet" "pub_b" {
      ~ arn                                            = "arn:aws:ec2:ap-southeast-2:738343455957:subnet/subnet-0fb824651d4e95482" -> (known after apply)
      ~ availability_zone_id                           = "apse2-az2" -> (known after apply)
      ~ cidr_block                                     = "10.0.201.0/24" -> "10.0.30.0/24" # forces replacement
      ~ id                                             = "subnet-0fb824651d4e95482" -> (known after apply)
      + ipv6_cidr_block_association_id                 = (known after apply)
      - map_customer_owned_ip_on_launch                = false -> null
      ~ owner_id                                       = "738343455957" -> (known after apply)
      ~ private_dns_hostname_type_on_launch            = "ip-name" -> (known after apply)
        tags                                           = {
            "Name" = "devopsacademy-iac-pub-subnet-b"
        }
        # (9 unchanged attributes hidden)
    }

Plan: 10 to add, 0 to change, 8 to destroy.

──────────────────────────────────────────────────────────────────────────────────────────────────────────────────────────────────────────────────────────────────────────────────────────────────────────────────────────────────────────────────────────────────────────────────────────────────────────────────────

Note: You didn't use the -out option to save this plan, so Terraform can't guarantee to take exactly these actions if you run "terraform apply" now.
➜  jaysues git:(jaysues/c04-iac02) ✗ terraform apply -auto-approve
aws_vpc.devopsacademy_iac: Refreshing state... [id=vpc-06e89224d1c8c9866]
aws_internet_gateway.devopsacademy_igw: Refreshing state... [id=igw-05f4ec85126dd144a]
aws_subnet.priv_a: Refreshing state... [id=subnet-03ec656aacc3c4fbd]
aws_subnet.priv_b: Refreshing state... [id=subnet-045320a61c335c4d9]
aws_subnet.pub_b: Refreshing state... [id=subnet-0fb824651d4e95482]
aws_subnet.pub_a: Refreshing state... [id=subnet-08f5c8bb8262fc817]
aws_route_table.devopsacademy_route_table: Refreshing state... [id=rtb-0c02da0cd63d85170]
aws_route_table_association.pub_b: Refreshing state... [id=rtbassoc-0392b83c7493aa54c]
aws_route_table_association.pub_a: Refreshing state... [id=rtbassoc-0e33134f1f94be29f]
aws_route_table_association.priv_b: Refreshing state... [id=rtbassoc-02eaf94401b0b8e3e]
aws_route_table_association.priv_a: Refreshing state... [id=rtbassoc-0dec4ce4edbd02825]

Terraform used the selected providers to generate the following execution plan. Resource actions are indicated with the following symbols:
  + create
-/+ destroy and then create replacement

Terraform will perform the following actions:

  # aws_eip.devopsacademy_nat_gateway will be created
  + resource "aws_eip" "devopsacademy_nat_gateway" {
      + allocation_id        = (known after apply)
      + association_id       = (known after apply)
      + carrier_ip           = (known after apply)
      + customer_owned_ip    = (known after apply)
      + domain               = (known after apply)
      + id                   = (known after apply)
      + instance             = (known after apply)
      + network_border_group = (known after apply)
      + network_interface    = (known after apply)
      + private_dns          = (known after apply)
      + private_ip           = (known after apply)
      + public_dns           = (known after apply)
      + public_ip            = (known after apply)
      + public_ipv4_pool     = (known after apply)
      + tags_all             = (known after apply)
      + vpc                  = true
    }

  # aws_nat_gateway.devopsacademy_nat_gateway will be created
  + resource "aws_nat_gateway" "devopsacademy_nat_gateway" {
      + allocation_id        = (known after apply)
      + connectivity_type    = "public"
      + id                   = (known after apply)
      + network_interface_id = (known after apply)
      + private_ip           = (known after apply)
      + public_ip            = (known after apply)
      + subnet_id            = (known after apply)
      + tags                 = {
          + "Name" = "devopsacademy-natgw"
        }
      + tags_all             = {
          + "Name" = "devopsacademy-natgw"
        }
    }

  # aws_route_table_association.priv_a must be replaced
-/+ resource "aws_route_table_association" "priv_a" {
      ~ id             = "rtbassoc-0dec4ce4edbd02825" -> (known after apply)
      ~ subnet_id      = "subnet-03ec656aacc3c4fbd" -> (known after apply) # forces replacement
        # (1 unchanged attribute hidden)
    }

  # aws_route_table_association.priv_b must be replaced
-/+ resource "aws_route_table_association" "priv_b" {
      ~ id             = "rtbassoc-02eaf94401b0b8e3e" -> (known after apply)
      ~ subnet_id      = "subnet-045320a61c335c4d9" -> (known after apply) # forces replacement
        # (1 unchanged attribute hidden)
    }

  # aws_route_table_association.pub_a must be replaced
-/+ resource "aws_route_table_association" "pub_a" {
      ~ id             = "rtbassoc-0e33134f1f94be29f" -> (known after apply)
      ~ subnet_id      = "subnet-08f5c8bb8262fc817" -> (known after apply) # forces replacement
        # (1 unchanged attribute hidden)
    }

  # aws_route_table_association.pub_b must be replaced
-/+ resource "aws_route_table_association" "pub_b" {
      ~ id             = "rtbassoc-0392b83c7493aa54c" -> (known after apply)
      ~ subnet_id      = "subnet-0fb824651d4e95482" -> (known after apply) # forces replacement
        # (1 unchanged attribute hidden)
    }

  # aws_subnet.priv_a must be replaced
-/+ resource "aws_subnet" "priv_a" {
      ~ arn                                            = "arn:aws:ec2:ap-southeast-2:738343455957:subnet/subnet-03ec656aacc3c4fbd" -> (known after apply)
      ~ availability_zone_id                           = "apse2-az1" -> (known after apply)
      ~ cidr_block                                     = "10.0.1.0/24" -> "10.0.10.0/24" # forces replacement
      ~ id                                             = "subnet-03ec656aacc3c4fbd" -> (known after apply)
      + ipv6_cidr_block_association_id                 = (known after apply)
      - map_customer_owned_ip_on_launch                = false -> null
      ~ owner_id                                       = "738343455957" -> (known after apply)
      ~ private_dns_hostname_type_on_launch            = "ip-name" -> (known after apply)
        tags                                           = {
            "Name" = "devopsacademy-iac-priv-subnet-a"
        }
        # (9 unchanged attributes hidden)
    }

  # aws_subnet.priv_b must be replaced
-/+ resource "aws_subnet" "priv_b" {
      ~ arn                                            = "arn:aws:ec2:ap-southeast-2:738343455957:subnet/subnet-045320a61c335c4d9" -> (known after apply)
      ~ availability_zone_id                           = "apse2-az2" -> (known after apply)
      ~ cidr_block                                     = "10.0.2.0/24" -> "10.0.20.0/24" # forces replacement
      ~ id                                             = "subnet-045320a61c335c4d9" -> (known after apply)
      + ipv6_cidr_block_association_id                 = (known after apply)
      - map_customer_owned_ip_on_launch                = false -> null
      ~ owner_id                                       = "738343455957" -> (known after apply)
      ~ private_dns_hostname_type_on_launch            = "ip-name" -> (known after apply)
        tags                                           = {
            "Name" = "devopsacademy-iac-priv-subnet-b"
        }
        # (9 unchanged attributes hidden)
    }

  # aws_subnet.pub_a must be replaced
-/+ resource "aws_subnet" "pub_a" {
      ~ arn                                            = "arn:aws:ec2:ap-southeast-2:738343455957:subnet/subnet-08f5c8bb8262fc817" -> (known after apply)
      ~ availability_zone_id                           = "apse2-az1" -> (known after apply)
      ~ cidr_block                                     = "10.0.101.0/24" -> "10.0.40.0/24" # forces replacement
      ~ id                                             = "subnet-08f5c8bb8262fc817" -> (known after apply)
      + ipv6_cidr_block_association_id                 = (known after apply)
      - map_customer_owned_ip_on_launch                = false -> null
      ~ owner_id                                       = "738343455957" -> (known after apply)
      ~ private_dns_hostname_type_on_launch            = "ip-name" -> (known after apply)
        tags                                           = {
            "Name" = "devopsacademy-iac-pub-subnet-a"
        }
        # (9 unchanged attributes hidden)
    }

  # aws_subnet.pub_b must be replaced
-/+ resource "aws_subnet" "pub_b" {
      ~ arn                                            = "arn:aws:ec2:ap-southeast-2:738343455957:subnet/subnet-0fb824651d4e95482" -> (known after apply)
      ~ availability_zone_id                           = "apse2-az2" -> (known after apply)
      ~ cidr_block                                     = "10.0.201.0/24" -> "10.0.30.0/24" # forces replacement
      ~ id                                             = "subnet-0fb824651d4e95482" -> (known after apply)
      + ipv6_cidr_block_association_id                 = (known after apply)
      - map_customer_owned_ip_on_launch                = false -> null
      ~ owner_id                                       = "738343455957" -> (known after apply)
      ~ private_dns_hostname_type_on_launch            = "ip-name" -> (known after apply)
        tags                                           = {
            "Name" = "devopsacademy-iac-pub-subnet-b"
        }
        # (9 unchanged attributes hidden)
    }

Plan: 10 to add, 0 to change, 8 to destroy.
aws_route_table_association.priv_a: Destroying... [id=rtbassoc-0dec4ce4edbd02825]
aws_route_table_association.pub_b: Destroying... [id=rtbassoc-0392b83c7493aa54c]
aws_route_table_association.priv_b: Destroying... [id=rtbassoc-02eaf94401b0b8e3e]
aws_route_table_association.pub_a: Destroying... [id=rtbassoc-0e33134f1f94be29f]
aws_eip.devopsacademy_nat_gateway: Creating...
aws_route_table_association.pub_a: Destruction complete after 1s
aws_route_table_association.pub_b: Destruction complete after 1s
aws_route_table_association.priv_b: Destruction complete after 1s
aws_subnet.pub_a: Destroying... [id=subnet-08f5c8bb8262fc817]
aws_route_table_association.priv_a: Destruction complete after 1s
aws_subnet.pub_b: Destroying... [id=subnet-0fb824651d4e95482]
aws_subnet.priv_a: Destroying... [id=subnet-03ec656aacc3c4fbd]
aws_subnet.priv_b: Destroying... [id=subnet-045320a61c335c4d9]
aws_eip.devopsacademy_nat_gateway: Creation complete after 1s [id=eipalloc-0ab38b7479251a6ce]
aws_subnet.pub_a: Destruction complete after 0s
aws_subnet.pub_a: Creating...
aws_subnet.pub_b: Destruction complete after 0s
aws_subnet.pub_b: Creating...
aws_subnet.priv_a: Destruction complete after 0s
aws_subnet.priv_a: Creating...
aws_subnet.priv_b: Destruction complete after 0s
aws_subnet.priv_b: Creating...
aws_subnet.pub_a: Creation complete after 1s [id=subnet-082ec5d648ca133c7]
aws_route_table_association.pub_a: Creating...
aws_nat_gateway.devopsacademy_nat_gateway: Creating...
aws_subnet.priv_a: Creation complete after 1s [id=subnet-0c9b3d26bf4a0648d]
aws_subnet.pub_b: Creation complete after 1s [id=subnet-082a2df315aca884b]
aws_subnet.priv_b: Creation complete after 1s [id=subnet-0b964ff5db0750501]
aws_route_table_association.priv_a: Creating...
aws_route_table_association.pub_b: Creating...
aws_route_table_association.priv_b: Creating...
aws_route_table_association.pub_a: Creation complete after 0s [id=rtbassoc-08a5496489dd2dc90]
aws_route_table_association.priv_a: Creation complete after 0s [id=rtbassoc-08c1d383f3350ba7d]
aws_route_table_association.pub_b: Creation complete after 0s [id=rtbassoc-074ea61b6b52b32f9]
aws_route_table_association.priv_b: Creation complete after 0s [id=rtbassoc-0305950fff2507bdb]
aws_nat_gateway.devopsacademy_nat_gateway: Still creating... [10s elapsed]
aws_nat_gateway.devopsacademy_nat_gateway: Still creating... [20s elapsed]
aws_nat_gateway.devopsacademy_nat_gateway: Still creating... [30s elapsed]
aws_nat_gateway.devopsacademy_nat_gateway: Still creating... [40s elapsed]
aws_nat_gateway.devopsacademy_nat_gateway: Still creating... [50s elapsed]
aws_nat_gateway.devopsacademy_nat_gateway: Still creating... [1m0s elapsed]
aws_nat_gateway.devopsacademy_nat_gateway: Still creating... [1m10s elapsed]
aws_nat_gateway.devopsacademy_nat_gateway: Still creating... [1m20s elapsed]
aws_nat_gateway.devopsacademy_nat_gateway: Still creating... [1m30s elapsed]
aws_nat_gateway.devopsacademy_nat_gateway: Still creating... [1m40s elapsed]
aws_nat_gateway.devopsacademy_nat_gateway: Still creating... [1m50s elapsed]
aws_nat_gateway.devopsacademy_nat_gateway: Creation complete after 1m55s [id=nat-02dde7e81c9c40f71]