ravi.senevirathne@contino.io@Ravis-MacBook-Pro ravisenevirathne % terraform plan

Terraform used the selected providers to generate the following execution plan. Resource actions are indicated with the following symbols:
  + create
 <= read (data resources)

Terraform will perform the following actions:

  # data.aws_iam_policy_document.iam_policy_doc will be read during apply
  # (config refers to values not yet known)
 <= data "aws_iam_policy_document" "iam_policy_doc"  {
      + id   = (known after apply)
      + json = (known after apply)

      + statement {
          + actions   = [
              + "s3:ListBucket",
            ]
          + effect    = "Allow"
          + resources = [
              + (known after apply),
            ]
        }
      + statement {
          + actions   = [
              + "s3:GetObject",
              + "s3:PutObject",
            ]
          + effect    = "Allow"
          + resources = [
              + (known after apply),
            ]
        }
    }

  # aws_iam_policy.iam_policy will be created
  + resource "aws_iam_policy" "iam_policy" {
      + arn       = (known after apply)
      + id        = (known after apply)
      + name      = "iam_policy"
      + path      = "/"
      + policy    = (known after apply)
      + policy_id = (known after apply)
      + tags_all  = (known after apply)
    }

  # aws_instance.EC2 will be created
  + resource "aws_instance" "EC2" {
      + ami                                  = "ami-0a4e637babb7b0a86"
      + arn                                  = (known after apply)
      + associate_public_ip_address          = (known after apply)
      + availability_zone                    = (known after apply)
      + cpu_core_count                       = (known after apply)
      + cpu_threads_per_core                 = (known after apply)
      + disable_api_termination              = (known after apply)
      + ebs_optimized                        = (known after apply)
      + get_password_data                    = false
      + host_id                              = (known after apply)
      + id                                   = (known after apply)
      + instance_initiated_shutdown_behavior = (known after apply)
      + instance_state                       = (known after apply)
      + instance_type                        = "t2.micro"
      + ipv6_address_count                   = (known after apply)
      + ipv6_addresses                       = (known after apply)
      + key_name                             = "ravisenevirathne"
      + monitoring                           = (known after apply)
      + outpost_arn                          = (known after apply)
      + password_data                        = (known after apply)
      + placement_group                      = (known after apply)
      + placement_partition_number           = (known after apply)
      + primary_network_interface_id         = (known after apply)
      + private_dns                          = (known after apply)
      + private_ip                           = (known after apply)
      + public_dns                           = (known after apply)
      + public_ip                            = (known after apply)
      + secondary_private_ips                = (known after apply)
      + security_groups                      = (known after apply)
      + source_dest_check                    = true
      + subnet_id                            = (known after apply)
      + tags                                 = {
          + "name" = "ravisenevirathne C04-iac01"
        }
      + tags_all                             = {
          + "name" = "ravisenevirathne C04-iac01"
        }
      + tenancy                              = (known after apply)
      + user_data                            = (known after apply)
      + user_data_base64                     = (known after apply)
      + vpc_security_group_ids               = (known after apply)

      + capacity_reservation_specification {
          + capacity_reservation_preference = (known after apply)

          + capacity_reservation_target {
              + capacity_reservation_id = (known after apply)
            }
        }

      + ebs_block_device {
          + delete_on_termination = (known after apply)
          + device_name           = (known after apply)
          + encrypted             = (known after apply)
          + iops                  = (known after apply)
          + kms_key_id            = (known after apply)
          + snapshot_id           = (known after apply)
          + tags                  = (known after apply)
          + throughput            = (known after apply)
          + volume_id             = (known after apply)
          + volume_size           = (known after apply)
          + volume_type           = (known after apply)
        }

      + enclave_options {
          + enabled = (known after apply)
        }

      + ephemeral_block_device {
          + device_name  = (known after apply)
          + no_device    = (known after apply)
          + virtual_name = (known after apply)
        }

      + metadata_options {
          + http_endpoint               = (known after apply)
          + http_put_response_hop_limit = (known after apply)
          + http_tokens                 = (known after apply)
          + instance_metadata_tags      = (known after apply)
        }

      + network_interface {
          + delete_on_termination = (known after apply)
          + device_index          = (known after apply)
          + network_interface_id  = (known after apply)
        }

      + root_block_device {
          + delete_on_termination = (known after apply)
          + device_name           = (known after apply)
          + encrypted             = (known after apply)
          + iops                  = (known after apply)
          + kms_key_id            = (known after apply)
          + tags                  = (known after apply)
          + throughput            = (known after apply)
          + volume_id             = (known after apply)
          + volume_size           = (known after apply)
          + volume_type           = (known after apply)
        }
    }

  # aws_s3_bucket.S3 will be created
  + resource "aws_s3_bucket" "S3" {
      + acceleration_status                  = (known after apply)
      + acl                                  = (known after apply)
      + arn                                  = (known after apply)
      + bucket                               = "ravisenevirathne-s3"
      + bucket_domain_name                   = (known after apply)
      + bucket_regional_domain_name          = (known after apply)
      + cors_rule                            = (known after apply)
      + force_destroy                        = false
      + grant                                = (known after apply)
      + hosted_zone_id                       = (known after apply)
      + id                                   = (known after apply)
      + lifecycle_rule                       = (known after apply)
      + logging                              = (known after apply)
      + policy                               = (known after apply)
      + region                               = (known after apply)
      + replication_configuration            = (known after apply)
      + request_payer                        = (known after apply)
      + server_side_encryption_configuration = (known after apply)
      + tags                                 = {
          + "name" = "ravisenevirathne C04-iac01"
        }
      + tags_all                             = {
          + "name" = "ravisenevirathne C04-iac01"
        }
      + versioning                           = (known after apply)
      + website                              = (known after apply)
      + website_domain                       = (known after apply)
      + website_endpoint                     = (known after apply)

      + object_lock_configuration {
          + object_lock_enabled = (known after apply)
          + rule                = (known after apply)
        }
    }

  # aws_security_group.SG will be created
  + resource "aws_security_group" "SG" {
      + arn                    = (known after apply)
      + description            = "Managed by Terraform"
      + egress                 = [
          + {
              + cidr_blocks      = [
                  + "0.0.0.0/0",
                ]
              + description      = ""
              + from_port        = 0
              + ipv6_cidr_blocks = []
              + prefix_list_ids  = []
              + protocol         = "-1"
              + security_groups  = []
              + self             = false
              + to_port          = 0
            },
        ]
      + id                     = (known after apply)
      + ingress                = [
          + {
              + cidr_blocks      = [
                  + "0.0.0.0/0",
                ]
              + description      = "SSH to EC2"
              + from_port        = 22
              + ipv6_cidr_blocks = []
              + prefix_list_ids  = []
              + protocol         = "tcp"
              + security_groups  = []
              + self             = false
              + to_port          = 22
            },
        ]
      + name                   = "SG"
      + name_prefix            = (known after apply)
      + owner_id               = (known after apply)
      + revoke_rules_on_delete = false
      + tags                   = {
          + "Name" = "ravisenevirathne C04-iac01"
        }
      + tags_all               = {
          + "Name" = "ravisenevirathne C04-iac01"
        }
      + vpc_id                 = (known after apply)
    }

Plan: 4 to add, 0 to change, 0 to destroy.