z@bacon:~/Documents/GitHub/academy/classes/04class/exercises/c04-iac02/zarajoy$ terraform plan -var-file="main.tfvars"
Refreshing Terraform state in-memory prior to plan...
The refreshed state will be used to calculate this plan, but will not be
persisted to local or remote state storage.

data.aws_availability_zones.available: Refreshing state...

------------------------------------------------------------------------

An execution plan has been generated and is shown below.
Resource actions are indicated with the following symbols:
  + create

Terraform will perform the following actions:

  # aws_eip.NAT-EIP will be created
  + resource "aws_eip" "NAT-EIP" {
      + allocation_id     = (known after apply)
      + association_id    = (known after apply)
      + customer_owned_ip = (known after apply)
      + domain            = (known after apply)
      + id                = (known after apply)
      + instance          = (known after apply)
      + network_interface = (known after apply)
      + private_dns       = (known after apply)
      + private_ip        = (known after apply)
      + public_dns        = (known after apply)
      + public_ip         = (known after apply)
      + public_ipv4_pool  = (known after apply)
      + vpc               = true
    }

  # aws_internet_gateway.IGW will be created
  + resource "aws_internet_gateway" "IGW" {
      + arn      = (known after apply)
      + id       = (known after apply)
      + owner_id = (known after apply)
      + tags     = {
          + "Name" = "c04-iac02-IGW"
        }
      + vpc_id   = (known after apply)
    }

  # aws_nat_gateway.NAT-GW will be created
  + resource "aws_nat_gateway" "NAT-GW" {
      + allocation_id        = (known after apply)
      + id                   = (known after apply)
      + network_interface_id = (known after apply)
      + private_ip           = (known after apply)
      + public_ip            = (known after apply)
      + subnet_id            = (known after apply)
      + tags                 = {
          + "Name" = "c04-iac02-NAT-GW"
        }
    }

  # aws_route_table.route-table-PRI will be created
  + resource "aws_route_table" "route-table-PRI" {
      + id               = (known after apply)
      + owner_id         = (known after apply)
      + propagating_vgws = (known after apply)
      + route            = [
          + {
              + cidr_block                = "0.0.0.0/0"
              + egress_only_gateway_id    = ""
              + gateway_id                = (known after apply)
              + instance_id               = ""
              + ipv6_cidr_block           = ""
              + nat_gateway_id            = ""
              + network_interface_id      = ""
              + transit_gateway_id        = ""
              + vpc_peering_connection_id = ""
            },
        ]
      + tags             = {
          + "Name" = "c04-iac02-route-table-PRI"
        }
      + vpc_id           = (known after apply)
    }

  # aws_route_table.route-table-PUB will be created
  + resource "aws_route_table" "route-table-PUB" {
      + id               = (known after apply)
      + owner_id         = (known after apply)
      + propagating_vgws = (known after apply)
      + route            = [
          + {
              + cidr_block                = "0.0.0.0/0"
              + egress_only_gateway_id    = ""
              + gateway_id                = (known after apply)
              + instance_id               = ""
              + ipv6_cidr_block           = ""
              + nat_gateway_id            = ""
              + network_interface_id      = ""
              + transit_gateway_id        = ""
              + vpc_peering_connection_id = ""
            },
        ]
      + tags             = {
          + "Name" = "c04-iac02-route-table-PUB"
        }
      + vpc_id           = (known after apply)
    }

  # aws_route_table_association.private-1 will be created
  + resource "aws_route_table_association" "private-1" {
      + id             = (known after apply)
      + route_table_id = (known after apply)
      + subnet_id      = (known after apply)
    }

  # aws_route_table_association.private-2 will be created
  + resource "aws_route_table_association" "private-2" {
      + id             = (known after apply)
      + route_table_id = (known after apply)
      + subnet_id      = (known after apply)
    }

  # aws_route_table_association.public-1 will be created
  + resource "aws_route_table_association" "public-1" {
      + id             = (known after apply)
      + route_table_id = (known after apply)
      + subnet_id      = (known after apply)
    }

  # aws_route_table_association.public-2 will be created
  + resource "aws_route_table_association" "public-2" {
      + id             = (known after apply)
      + route_table_id = (known after apply)
      + subnet_id      = (known after apply)
    }

  # aws_subnet.subnet-private-1 will be created
  + resource "aws_subnet" "subnet-private-1" {
      + arn                             = (known after apply)
      + assign_ipv6_address_on_creation = false
      + availability_zone               = "ap-southeast-2b"
      + availability_zone_id            = (known after apply)
      + cidr_block                      = "172.16.1.0/24"
      + id                              = (known after apply)
      + ipv6_cidr_block                 = (known after apply)
      + ipv6_cidr_block_association_id  = (known after apply)
      + map_public_ip_on_launch         = false
      + owner_id                        = (known after apply)
      + tags                            = {
          + "Name" = "c04-iac02-Public-subnet-02-newname"
          + "Tier" = "private"
        }
      + vpc_id                          = (known after apply)
    }

  # aws_subnet.subnet-private-2 will be created
  + resource "aws_subnet" "subnet-private-2" {
      + arn                             = (known after apply)
      + assign_ipv6_address_on_creation = false
      + availability_zone               = "ap-southeast-2c"
      + availability_zone_id            = (known after apply)
      + cidr_block                      = "172.16.3.0/24"
      + id                              = (known after apply)
      + ipv6_cidr_block                 = (known after apply)
      + ipv6_cidr_block_association_id  = (known after apply)
      + map_public_ip_on_launch         = false
      + owner_id                        = (known after apply)
      + tags                            = {
          + "Name" = "c04-iac02-Private-subnet-02-newname"
          + "Tier" = "private"
        }
      + vpc_id                          = (known after apply)
    }

  # aws_subnet.subnet-public-1 will be created
  + resource "aws_subnet" "subnet-public-1" {
      + arn                             = (known after apply)
      + assign_ipv6_address_on_creation = false
      + availability_zone               = "ap-southeast-2b"
      + availability_zone_id            = (known after apply)
      + cidr_block                      = "172.16.0.0/24"
      + id                              = (known after apply)
      + ipv6_cidr_block                 = (known after apply)
      + ipv6_cidr_block_association_id  = (known after apply)
      + map_public_ip_on_launch         = true
      + owner_id                        = (known after apply)
      + tags                            = {
          + "Name" = "c04-iac02-Public-subnet-01-newname"
          + "Tier" = "public"
        }
      + vpc_id                          = (known after apply)
    }

  # aws_subnet.subnet-public-2 will be created
  + resource "aws_subnet" "subnet-public-2" {
      + arn                             = (known after apply)
      + assign_ipv6_address_on_creation = false
      + availability_zone               = "ap-southeast-2c"
      + availability_zone_id            = (known after apply)
      + cidr_block                      = "172.16.2.0/24"
      + id                              = (known after apply)
      + ipv6_cidr_block                 = (known after apply)
      + ipv6_cidr_block_association_id  = (known after apply)
      + map_public_ip_on_launch         = true
      + owner_id                        = (known after apply)
      + tags                            = {
          + "Name" = "c04-iac02-Private-subnet-01-newname"
          + "Tier" = "public"
        }
      + vpc_id                          = (known after apply)
    }

  # aws_vpc.vpc will be created
  + resource "aws_vpc" "vpc" {
      + arn                              = (known after apply)
      + assign_generated_ipv6_cidr_block = false
      + cidr_block                       = "172.16.0.0/16"
      + default_network_acl_id           = (known after apply)
      + default_route_table_id           = (known after apply)
      + default_security_group_id        = (known after apply)
      + dhcp_options_id                  = (known after apply)
      + enable_classiclink               = (known after apply)
      + enable_classiclink_dns_support   = (known after apply)
      + enable_dns_hostnames             = true
      + enable_dns_support               = true
      + id                               = (known after apply)
      + instance_tenancy                 = "default"
      + ipv6_association_id              = (known after apply)
      + ipv6_cidr_block                  = (known after apply)
      + main_route_table_id              = (known after apply)
      + owner_id                         = (known after apply)
      + tags                             = {
          + "Name" = "c04-iac02-vpc"
        }
    }

Plan: 14 to add, 0 to change, 0 to destroy.

------------------------------------------------------------------------

Note: You didn't specify an "-out" parameter to save this plan, so Terraform
can't guarantee that exactly these actions will be performed if
"terraform apply" is subsequently run.

