[0m[1mRefreshing Terraform state in-memory prior to plan...[0m
The refreshed state will be used to calculate this plan, but will not be
persisted to local or remote state storage.
[0m

------------------------------------------------------------------------

An execution plan has been generated and is shown below.
Resource actions are indicated with the following symbols:
  [32m+[0m create
[0m
Terraform will perform the following actions:

[1m  # aws_eip.iac_nat_eip[0m will be created[0m[0m
[0m  [32m+[0m[0m resource "aws_eip" "iac_nat_eip" {
      [32m+[0m [0m[1m[0mallocation_id[0m[0m     = (known after apply)
      [32m+[0m [0m[1m[0massociation_id[0m[0m    = (known after apply)
      [32m+[0m [0m[1m[0mcustomer_owned_ip[0m[0m = (known after apply)
      [32m+[0m [0m[1m[0mdomain[0m[0m            = (known after apply)
      [32m+[0m [0m[1m[0mid[0m[0m                = (known after apply)
      [32m+[0m [0m[1m[0minstance[0m[0m          = (known after apply)
      [32m+[0m [0m[1m[0mnetwork_interface[0m[0m = (known after apply)
      [32m+[0m [0m[1m[0mprivate_dns[0m[0m       = (known after apply)
      [32m+[0m [0m[1m[0mprivate_ip[0m[0m        = (known after apply)
      [32m+[0m [0m[1m[0mpublic_dns[0m[0m        = (known after apply)
      [32m+[0m [0m[1m[0mpublic_ip[0m[0m         = (known after apply)
      [32m+[0m [0m[1m[0mpublic_ipv4_pool[0m[0m  = (known after apply)
      [32m+[0m [0m[1m[0mvpc[0m[0m               = (known after apply)
    }

[1m  # aws_internet_gateway.iac_vpc_gw[0m will be created[0m[0m
[0m  [32m+[0m[0m resource "aws_internet_gateway" "iac_vpc_gw" {
      [32m+[0m [0m[1m[0marn[0m[0m      = (known after apply)
      [32m+[0m [0m[1m[0mid[0m[0m       = (known after apply)
      [32m+[0m [0m[1m[0mowner_id[0m[0m = (known after apply)
      [32m+[0m [0m[1m[0mtags[0m[0m     = {
          [32m+[0m [0m"Name" = "iac-vpc-igw"
        }
      [32m+[0m [0m[1m[0mvpc_id[0m[0m   = (known after apply)
    }

[1m  # aws_nat_gateway.iac_vpc_nat_gw[0m will be created[0m[0m
[0m  [32m+[0m[0m resource "aws_nat_gateway" "iac_vpc_nat_gw" {
      [32m+[0m [0m[1m[0mallocation_id[0m[0m        = (known after apply)
      [32m+[0m [0m[1m[0mid[0m[0m                   = (known after apply)
      [32m+[0m [0m[1m[0mnetwork_interface_id[0m[0m = (known after apply)
      [32m+[0m [0m[1m[0mprivate_ip[0m[0m           = (known after apply)
      [32m+[0m [0m[1m[0mpublic_ip[0m[0m            = (known after apply)
      [32m+[0m [0m[1m[0msubnet_id[0m[0m            = (known after apply)
      [32m+[0m [0m[1m[0mtags[0m[0m                 = {
          [32m+[0m [0m"Name" = "iac-vpc-nat-gw"
        }
    }

[1m  # aws_network_acl.main[0m will be created[0m[0m
[0m  [32m+[0m[0m resource "aws_network_acl" "main" {
      [32m+[0m [0m[1m[0marn[0m[0m        = (known after apply)
      [32m+[0m [0m[1m[0megress[0m[0m     = [
          [32m+[0m [0m{
              [32m+[0m [0maction          = "allow"
              [32m+[0m [0mcidr_block      = "10.0.0.0/16"
              [32m+[0m [0mfrom_port       = 0
              [32m+[0m [0micmp_code       = [90mnull[0m[0m
              [32m+[0m [0micmp_type       = [90mnull[0m[0m
              [32m+[0m [0mipv6_cidr_block = ""
              [32m+[0m [0mprotocol        = "all"
              [32m+[0m [0mrule_no         = 100
              [32m+[0m [0mto_port         = 0
            },
          [32m+[0m [0m{
              [32m+[0m [0maction          = "allow"
              [32m+[0m [0mcidr_block      = "121.200.5.90/32"
              [32m+[0m [0mfrom_port       = 0
              [32m+[0m [0micmp_code       = [90mnull[0m[0m
              [32m+[0m [0micmp_type       = [90mnull[0m[0m
              [32m+[0m [0mipv6_cidr_block = ""
              [32m+[0m [0mprotocol        = "all"
              [32m+[0m [0mrule_no         = 200
              [32m+[0m [0mto_port         = 0
            },
        ]
      [32m+[0m [0m[1m[0mid[0m[0m         = (known after apply)
      [32m+[0m [0m[1m[0mingress[0m[0m    = [
          [32m+[0m [0m{
              [32m+[0m [0maction          = "allow"
              [32m+[0m [0mcidr_block      = "10.0.0.0/16"
              [32m+[0m [0mfrom_port       = 0
              [32m+[0m [0micmp_code       = [90mnull[0m[0m
              [32m+[0m [0micmp_type       = [90mnull[0m[0m
              [32m+[0m [0mipv6_cidr_block = ""
              [32m+[0m [0mprotocol        = "all"
              [32m+[0m [0mrule_no         = 300
              [32m+[0m [0mto_port         = 0
            },
          [32m+[0m [0m{
              [32m+[0m [0maction          = "allow"
              [32m+[0m [0mcidr_block      = "121.200.5.90/32"
              [32m+[0m [0mfrom_port       = 0
              [32m+[0m [0micmp_code       = [90mnull[0m[0m
              [32m+[0m [0micmp_type       = [90mnull[0m[0m
              [32m+[0m [0mipv6_cidr_block = ""
              [32m+[0m [0mprotocol        = "all"
              [32m+[0m [0mrule_no         = 400
              [32m+[0m [0mto_port         = 0
            },
        ]
      [32m+[0m [0m[1m[0mowner_id[0m[0m   = (known after apply)
      [32m+[0m [0m[1m[0msubnet_ids[0m[0m = (known after apply)
      [32m+[0m [0m[1m[0mtags[0m[0m       = {
          [32m+[0m [0m"Name" = "iac-vpc-nacl"
        }
      [32m+[0m [0m[1m[0mvpc_id[0m[0m     = (known after apply)
    }

[1m  # aws_route_table.iac_vpc_private_rt[0m will be created[0m[0m
[0m  [32m+[0m[0m resource "aws_route_table" "iac_vpc_private_rt" {
      [32m+[0m [0m[1m[0mid[0m[0m               = (known after apply)
      [32m+[0m [0m[1m[0mowner_id[0m[0m         = (known after apply)
      [32m+[0m [0m[1m[0mpropagating_vgws[0m[0m = (known after apply)
      [32m+[0m [0m[1m[0mroute[0m[0m            = [
          [32m+[0m [0m{
              [32m+[0m [0mcidr_block                = "0.0.0.0/0"
              [32m+[0m [0megress_only_gateway_id    = ""
              [32m+[0m [0mgateway_id                = ""
              [32m+[0m [0minstance_id               = ""
              [32m+[0m [0mipv6_cidr_block           = ""
              [32m+[0m [0mnat_gateway_id            = (known after apply)
              [32m+[0m [0mnetwork_interface_id      = ""
              [32m+[0m [0mtransit_gateway_id        = ""
              [32m+[0m [0mvpc_peering_connection_id = ""
            },
        ]
      [32m+[0m [0m[1m[0mtags[0m[0m             = {
          [32m+[0m [0m"Name" = "iac-vpc-private-rt"
        }
      [32m+[0m [0m[1m[0mvpc_id[0m[0m           = (known after apply)
    }

[1m  # aws_route_table.iac_vpc_public_rt[0m will be created[0m[0m
[0m  [32m+[0m[0m resource "aws_route_table" "iac_vpc_public_rt" {
      [32m+[0m [0m[1m[0mid[0m[0m               = (known after apply)
      [32m+[0m [0m[1m[0mowner_id[0m[0m         = (known after apply)
      [32m+[0m [0m[1m[0mpropagating_vgws[0m[0m = (known after apply)
      [32m+[0m [0m[1m[0mroute[0m[0m            = [
          [32m+[0m [0m{
              [32m+[0m [0mcidr_block                = "0.0.0.0/0"
              [32m+[0m [0megress_only_gateway_id    = ""
              [32m+[0m [0mgateway_id                = (known after apply)
              [32m+[0m [0minstance_id               = ""
              [32m+[0m [0mipv6_cidr_block           = ""
              [32m+[0m [0mnat_gateway_id            = ""
              [32m+[0m [0mnetwork_interface_id      = ""
              [32m+[0m [0mtransit_gateway_id        = ""
              [32m+[0m [0mvpc_peering_connection_id = ""
            },
        ]
      [32m+[0m [0m[1m[0mtags[0m[0m             = {
          [32m+[0m [0m"Name" = "iac-vpc-public-rt"
        }
      [32m+[0m [0m[1m[0mvpc_id[0m[0m           = (known after apply)
    }

[1m  # aws_route_table_association.private_a[0m will be created[0m[0m
[0m  [32m+[0m[0m resource "aws_route_table_association" "private_a" {
      [32m+[0m [0m[1m[0mid[0m[0m             = (known after apply)
      [32m+[0m [0m[1m[0mroute_table_id[0m[0m = (known after apply)
      [32m+[0m [0m[1m[0msubnet_id[0m[0m      = (known after apply)
    }

[1m  # aws_route_table_association.private_b[0m will be created[0m[0m
[0m  [32m+[0m[0m resource "aws_route_table_association" "private_b" {
      [32m+[0m [0m[1m[0mid[0m[0m             = (known after apply)
      [32m+[0m [0m[1m[0mroute_table_id[0m[0m = (known after apply)
      [32m+[0m [0m[1m[0msubnet_id[0m[0m      = (known after apply)
    }

[1m  # aws_route_table_association.public_a[0m will be created[0m[0m
[0m  [32m+[0m[0m resource "aws_route_table_association" "public_a" {
      [32m+[0m [0m[1m[0mid[0m[0m             = (known after apply)
      [32m+[0m [0m[1m[0mroute_table_id[0m[0m = (known after apply)
      [32m+[0m [0m[1m[0msubnet_id[0m[0m      = (known after apply)
    }

[1m  # aws_route_table_association.public_b[0m will be created[0m[0m
[0m  [32m+[0m[0m resource "aws_route_table_association" "public_b" {
      [32m+[0m [0m[1m[0mid[0m[0m             = (known after apply)
      [32m+[0m [0m[1m[0mroute_table_id[0m[0m = (known after apply)
      [32m+[0m [0m[1m[0msubnet_id[0m[0m      = (known after apply)
    }

[1m  # aws_subnet.private_a[0m will be created[0m[0m
[0m  [32m+[0m[0m resource "aws_subnet" "private_a" {
      [32m+[0m [0m[1m[0marn[0m[0m                             = (known after apply)
      [32m+[0m [0m[1m[0massign_ipv6_address_on_creation[0m[0m = false
      [32m+[0m [0m[1m[0mavailability_zone[0m[0m               = "ap-southeast-2a"
      [32m+[0m [0m[1m[0mavailability_zone_id[0m[0m            = (known after apply)
      [32m+[0m [0m[1m[0mcidr_block[0m[0m                      = "10.0.0.0/24"
      [32m+[0m [0m[1m[0mid[0m[0m                              = (known after apply)
      [32m+[0m [0m[1m[0mipv6_cidr_block[0m[0m                 = (known after apply)
      [32m+[0m [0m[1m[0mipv6_cidr_block_association_id[0m[0m  = (known after apply)
      [32m+[0m [0m[1m[0mmap_public_ip_on_launch[0m[0m         = false
      [32m+[0m [0m[1m[0mowner_id[0m[0m                        = (known after apply)
      [32m+[0m [0m[1m[0mtags[0m[0m                            = {
          [32m+[0m [0m"Name" = "doa-iac-private-a"
        }
      [32m+[0m [0m[1m[0mvpc_id[0m[0m                          = (known after apply)
    }

[1m  # aws_subnet.private_b[0m will be created[0m[0m
[0m  [32m+[0m[0m resource "aws_subnet" "private_b" {
      [32m+[0m [0m[1m[0marn[0m[0m                             = (known after apply)
      [32m+[0m [0m[1m[0massign_ipv6_address_on_creation[0m[0m = false
      [32m+[0m [0m[1m[0mavailability_zone[0m[0m               = "ap-southeast-2b"
      [32m+[0m [0m[1m[0mavailability_zone_id[0m[0m            = (known after apply)
      [32m+[0m [0m[1m[0mcidr_block[0m[0m                      = "10.0.1.0/24"
      [32m+[0m [0m[1m[0mid[0m[0m                              = (known after apply)
      [32m+[0m [0m[1m[0mipv6_cidr_block[0m[0m                 = (known after apply)
      [32m+[0m [0m[1m[0mipv6_cidr_block_association_id[0m[0m  = (known after apply)
      [32m+[0m [0m[1m[0mmap_public_ip_on_launch[0m[0m         = false
      [32m+[0m [0m[1m[0mowner_id[0m[0m                        = (known after apply)
      [32m+[0m [0m[1m[0mtags[0m[0m                            = {
          [32m+[0m [0m"Name" = "doa-iac-private-b"
        }
      [32m+[0m [0m[1m[0mvpc_id[0m[0m                          = (known after apply)
    }

[1m  # aws_subnet.public_a[0m will be created[0m[0m
[0m  [32m+[0m[0m resource "aws_subnet" "public_a" {
      [32m+[0m [0m[1m[0marn[0m[0m                             = (known after apply)
      [32m+[0m [0m[1m[0massign_ipv6_address_on_creation[0m[0m = false
      [32m+[0m [0m[1m[0mavailability_zone[0m[0m               = "ap-southeast-2a"
      [32m+[0m [0m[1m[0mavailability_zone_id[0m[0m            = (known after apply)
      [32m+[0m [0m[1m[0mcidr_block[0m[0m                      = "10.0.2.0/24"
      [32m+[0m [0m[1m[0mid[0m[0m                              = (known after apply)
      [32m+[0m [0m[1m[0mipv6_cidr_block[0m[0m                 = (known after apply)
      [32m+[0m [0m[1m[0mipv6_cidr_block_association_id[0m[0m  = (known after apply)
      [32m+[0m [0m[1m[0mmap_public_ip_on_launch[0m[0m         = false
      [32m+[0m [0m[1m[0mowner_id[0m[0m                        = (known after apply)
      [32m+[0m [0m[1m[0mtags[0m[0m                            = {
          [32m+[0m [0m"Name" = "doa-iac-public-a"
        }
      [32m+[0m [0m[1m[0mvpc_id[0m[0m                          = (known after apply)
    }

[1m  # aws_subnet.public_b[0m will be created[0m[0m
[0m  [32m+[0m[0m resource "aws_subnet" "public_b" {
      [32m+[0m [0m[1m[0marn[0m[0m                             = (known after apply)
      [32m+[0m [0m[1m[0massign_ipv6_address_on_creation[0m[0m = false
      [32m+[0m [0m[1m[0mavailability_zone[0m[0m               = "ap-southeast-2b"
      [32m+[0m [0m[1m[0mavailability_zone_id[0m[0m            = (known after apply)
      [32m+[0m [0m[1m[0mcidr_block[0m[0m                      = "10.0.3.0/24"
      [32m+[0m [0m[1m[0mid[0m[0m                              = (known after apply)
      [32m+[0m [0m[1m[0mipv6_cidr_block[0m[0m                 = (known after apply)
      [32m+[0m [0m[1m[0mipv6_cidr_block_association_id[0m[0m  = (known after apply)
      [32m+[0m [0m[1m[0mmap_public_ip_on_launch[0m[0m         = false
      [32m+[0m [0m[1m[0mowner_id[0m[0m                        = (known after apply)
      [32m+[0m [0m[1m[0mtags[0m[0m                            = {
          [32m+[0m [0m"Name" = "doa-iac-public-b"
        }
      [32m+[0m [0m[1m[0mvpc_id[0m[0m                          = (known after apply)
    }

[1m  # aws_vpc.doa_iac_vpc[0m will be created[0m[0m
[0m  [32m+[0m[0m resource "aws_vpc" "doa_iac_vpc" {
      [32m+[0m [0m[1m[0marn[0m[0m                              = (known after apply)
      [32m+[0m [0m[1m[0massign_generated_ipv6_cidr_block[0m[0m = false
      [32m+[0m [0m[1m[0mcidr_block[0m[0m                       = "10.0.0.0/16"
      [32m+[0m [0m[1m[0mdefault_network_acl_id[0m[0m           = (known after apply)
      [32m+[0m [0m[1m[0mdefault_route_table_id[0m[0m           = (known after apply)
      [32m+[0m [0m[1m[0mdefault_security_group_id[0m[0m        = (known after apply)
      [32m+[0m [0m[1m[0mdhcp_options_id[0m[0m                  = (known after apply)
      [32m+[0m [0m[1m[0menable_classiclink[0m[0m               = (known after apply)
      [32m+[0m [0m[1m[0menable_classiclink_dns_support[0m[0m   = (known after apply)
      [32m+[0m [0m[1m[0menable_dns_hostnames[0m[0m             = (known after apply)
      [32m+[0m [0m[1m[0menable_dns_support[0m[0m               = true
      [32m+[0m [0m[1m[0mid[0m[0m                               = (known after apply)
      [32m+[0m [0m[1m[0minstance_tenancy[0m[0m                 = "default"
      [32m+[0m [0m[1m[0mipv6_association_id[0m[0m              = (known after apply)
      [32m+[0m [0m[1m[0mipv6_cidr_block[0m[0m                  = (known after apply)
      [32m+[0m [0m[1m[0mmain_route_table_id[0m[0m              = (known after apply)
      [32m+[0m [0m[1m[0mowner_id[0m[0m                         = (known after apply)
      [32m+[0m [0m[1m[0mtags[0m[0m                             = {
          [32m+[0m [0m"Name" = "devopsacademy-iac"
        }
    }

[0m[1mPlan:[0m 15 to add, 0 to change, 0 to destroy.[0m

------------------------------------------------------------------------

Note: You didn't specify an "-out" parameter to save this plan, so Terraform
can't guarantee that exactly these actions will be performed if
"terraform apply" is subsequently run.

