
Terraform used the selected providers to generate the following execution
plan. Resource actions are indicated with the following symbols:
  [32m+[0m create
[0m
Terraform will perform the following actions:

[1m  # aws_eip.eip01[0m will be created[0m[0m
[0m  [32m+[0m[0m resource "aws_eip" "eip01" {
      [32m+[0m [0m[1m[0mallocation_id[0m[0m        = (known after apply)
      [32m+[0m [0m[1m[0massociation_id[0m[0m       = (known after apply)
      [32m+[0m [0m[1m[0mcarrier_ip[0m[0m           = (known after apply)
      [32m+[0m [0m[1m[0mcustomer_owned_ip[0m[0m    = (known after apply)
      [32m+[0m [0m[1m[0mdomain[0m[0m               = (known after apply)
      [32m+[0m [0m[1m[0mid[0m[0m                   = (known after apply)
      [32m+[0m [0m[1m[0minstance[0m[0m             = (known after apply)
      [32m+[0m [0m[1m[0mnetwork_border_group[0m[0m = (known after apply)
      [32m+[0m [0m[1m[0mnetwork_interface[0m[0m    = (known after apply)
      [32m+[0m [0m[1m[0mprivate_dns[0m[0m          = (known after apply)
      [32m+[0m [0m[1m[0mprivate_ip[0m[0m           = (known after apply)
      [32m+[0m [0m[1m[0mpublic_dns[0m[0m           = (known after apply)
      [32m+[0m [0m[1m[0mpublic_ip[0m[0m            = (known after apply)
      [32m+[0m [0m[1m[0mpublic_ipv4_pool[0m[0m     = (known after apply)
      [32m+[0m [0m[1m[0mtags_all[0m[0m             = (known after apply)
      [32m+[0m [0m[1m[0mvpc[0m[0m                  = true
    }

[1m  # aws_eip_association.eip01[0m will be created[0m[0m
[0m  [32m+[0m[0m resource "aws_eip_association" "eip01" {
      [32m+[0m [0m[1m[0mallocation_id[0m[0m        = (known after apply)
      [32m+[0m [0m[1m[0mid[0m[0m                   = (known after apply)
      [32m+[0m [0m[1m[0minstance_id[0m[0m          = (known after apply)
      [32m+[0m [0m[1m[0mnetwork_interface_id[0m[0m = (known after apply)
      [32m+[0m [0m[1m[0mprivate_ip_address[0m[0m   = (known after apply)
      [32m+[0m [0m[1m[0mpublic_ip[0m[0m            = (known after apply)
    }

[1m  # aws_iam_instance_profile.iam_profile[0m will be created[0m[0m
[0m  [32m+[0m[0m resource "aws_iam_instance_profile" "iam_profile" {
      [32m+[0m [0m[1m[0marn[0m[0m         = (known after apply)
      [32m+[0m [0m[1m[0mcreate_date[0m[0m = (known after apply)
      [32m+[0m [0m[1m[0mid[0m[0m          = (known after apply)
      [32m+[0m [0m[1m[0mname[0m[0m        = "c04-iam-profile"
      [32m+[0m [0m[1m[0mpath[0m[0m        = "/"
      [32m+[0m [0m[1m[0mrole[0m[0m        = "c04-iam01-role"
      [32m+[0m [0m[1m[0mtags_all[0m[0m    = (known after apply)
      [32m+[0m [0m[1m[0munique_id[0m[0m   = (known after apply)
    }

[1m  # aws_iam_role.iam_role[0m will be created[0m[0m
[0m  [32m+[0m[0m resource "aws_iam_role" "iam_role" {
      [32m+[0m [0m[1m[0marn[0m[0m                   = (known after apply)
      [32m+[0m [0m[1m[0massume_role_policy[0m[0m    = jsonencode(
            {
              [32m+[0m [0mStatement = [
                  [32m+[0m [0m{
                      [32m+[0m [0mAction    = "sts:AssumeRole"
                      [32m+[0m [0mEffect    = "Allow"
                      [32m+[0m [0mPrincipal = {
                          [32m+[0m [0mService = "ec2.amazonaws.com"
                        }
                      [32m+[0m [0mSid       = ""
                    },
                ]
              [32m+[0m [0mVersion   = "2012-10-17"
            }
        )
      [32m+[0m [0m[1m[0mcreate_date[0m[0m           = (known after apply)
      [32m+[0m [0m[1m[0mforce_detach_policies[0m[0m = false
      [32m+[0m [0m[1m[0mid[0m[0m                    = (known after apply)
      [32m+[0m [0m[1m[0mmanaged_policy_arns[0m[0m   = (known after apply)
      [32m+[0m [0m[1m[0mmax_session_duration[0m[0m  = 3600
      [32m+[0m [0m[1m[0mname[0m[0m                  = "c04-iam01-role"
      [32m+[0m [0m[1m[0mname_prefix[0m[0m           = (known after apply)
      [32m+[0m [0m[1m[0mpath[0m[0m                  = "/"
      [32m+[0m [0m[1m[0mtags[0m[0m                  = {
          [32m+[0m [0m"tag-key" = "c04-iam01"
        }
      [32m+[0m [0m[1m[0mtags_all[0m[0m              = {
          [32m+[0m [0m"tag-key" = "c04-iam01"
        }
      [32m+[0m [0m[1m[0munique_id[0m[0m             = (known after apply)

      [32m+[0m [0minline_policy {
          [32m+[0m [0m[1m[0mname[0m[0m   = (known after apply)
          [32m+[0m [0m[1m[0mpolicy[0m[0m = (known after apply)
        }
    }

[1m  # aws_iam_role_policy.iam_policy[0m will be created[0m[0m
[0m  [32m+[0m[0m resource "aws_iam_role_policy" "iam_policy" {
      [32m+[0m [0m[1m[0mid[0m[0m     = (known after apply)
      [32m+[0m [0m[1m[0mname[0m[0m   = "c04-iam-policy"
      [32m+[0m [0m[1m[0mpolicy[0m[0m = (known after apply)
      [32m+[0m [0m[1m[0mrole[0m[0m   = (known after apply)
    }

[1m  # aws_instance.instance01[0m will be created[0m[0m
[0m  [32m+[0m[0m resource "aws_instance" "instance01" {
      [32m+[0m [0m[1m[0mami[0m[0m                                  = "ami-00b2c019ee1972f91"
      [32m+[0m [0m[1m[0marn[0m[0m                                  = (known after apply)
      [32m+[0m [0m[1m[0massociate_public_ip_address[0m[0m          = (known after apply)
      [32m+[0m [0m[1m[0mavailability_zone[0m[0m                    = "ap-southeast-2a"
      [32m+[0m [0m[1m[0mcpu_core_count[0m[0m                       = (known after apply)
      [32m+[0m [0m[1m[0mcpu_threads_per_core[0m[0m                 = (known after apply)
      [32m+[0m [0m[1m[0mdisable_api_termination[0m[0m              = (known after apply)
      [32m+[0m [0m[1m[0mebs_optimized[0m[0m                        = (known after apply)
      [32m+[0m [0m[1m[0mget_password_data[0m[0m                    = false
      [32m+[0m [0m[1m[0mhost_id[0m[0m                              = (known after apply)
      [32m+[0m [0m[1m[0miam_instance_profile[0m[0m                 = "c04-iam-profile"
      [32m+[0m [0m[1m[0mid[0m[0m                                   = (known after apply)
      [32m+[0m [0m[1m[0minstance_initiated_shutdown_behavior[0m[0m = (known after apply)
      [32m+[0m [0m[1m[0minstance_state[0m[0m                       = (known after apply)
      [32m+[0m [0m[1m[0minstance_type[0m[0m                        = "t1.micro"
      [32m+[0m [0m[1m[0mipv6_address_count[0m[0m                   = (known after apply)
      [32m+[0m [0m[1m[0mipv6_addresses[0m[0m                       = (known after apply)
      [32m+[0m [0m[1m[0mkey_name[0m[0m                             = "ContinoDojo"
      [32m+[0m [0m[1m[0mmonitoring[0m[0m                           = (known after apply)
      [32m+[0m [0m[1m[0moutpost_arn[0m[0m                          = (known after apply)
      [32m+[0m [0m[1m[0mpassword_data[0m[0m                        = (known after apply)
      [32m+[0m [0m[1m[0mplacement_group[0m[0m                      = (known after apply)
      [32m+[0m [0m[1m[0mplacement_partition_number[0m[0m           = (known after apply)
      [32m+[0m [0m[1m[0mprimary_network_interface_id[0m[0m         = (known after apply)
      [32m+[0m [0m[1m[0mprivate_dns[0m[0m                          = (known after apply)
      [32m+[0m [0m[1m[0mprivate_ip[0m[0m                           = (known after apply)
      [32m+[0m [0m[1m[0mpublic_dns[0m[0m                           = (known after apply)
      [32m+[0m [0m[1m[0mpublic_ip[0m[0m                            = (known after apply)
      [32m+[0m [0m[1m[0msecondary_private_ips[0m[0m                = (known after apply)
      [32m+[0m [0m[1m[0msecurity_groups[0m[0m                      = (known after apply)
      [32m+[0m [0m[1m[0msubnet_id[0m[0m                            = (known after apply)
      [32m+[0m [0m[1m[0mtags[0m[0m                                 = {
          [32m+[0m [0m"Name" = "c04-iac01"
        }
      [32m+[0m [0m[1m[0mtags_all[0m[0m                             = {
          [32m+[0m [0m"Name" = "c04-iac01"
        }
      [32m+[0m [0m[1m[0mtenancy[0m[0m                              = (known after apply)
      [32m+[0m [0m[1m[0muser_data[0m[0m                            = (known after apply)
      [32m+[0m [0m[1m[0muser_data_base64[0m[0m                     = (known after apply)
      [32m+[0m [0m[1m[0mvpc_security_group_ids[0m[0m               = (known after apply)

      [32m+[0m [0mcapacity_reservation_specification {
          [32m+[0m [0m[1m[0mcapacity_reservation_preference[0m[0m = (known after apply)

          [32m+[0m [0mcapacity_reservation_target {
              [32m+[0m [0m[1m[0mcapacity_reservation_id[0m[0m = (known after apply)
            }
        }

      [32m+[0m [0mebs_block_device {
          [32m+[0m [0m[1m[0mdelete_on_termination[0m[0m = (known after apply)
          [32m+[0m [0m[1m[0mdevice_name[0m[0m           = (known after apply)
          [32m+[0m [0m[1m[0mencrypted[0m[0m             = (known after apply)
          [32m+[0m [0m[1m[0miops[0m[0m                  = (known after apply)
          [32m+[0m [0m[1m[0mkms_key_id[0m[0m            = (known after apply)
          [32m+[0m [0m[1m[0msnapshot_id[0m[0m           = (known after apply)
          [32m+[0m [0m[1m[0mtags[0m[0m                  = (known after apply)
          [32m+[0m [0m[1m[0mthroughput[0m[0m            = (known after apply)
          [32m+[0m [0m[1m[0mvolume_id[0m[0m             = (known after apply)
          [32m+[0m [0m[1m[0mvolume_size[0m[0m           = (known after apply)
          [32m+[0m [0m[1m[0mvolume_type[0m[0m           = (known after apply)
        }

      [32m+[0m [0menclave_options {
          [32m+[0m [0m[1m[0menabled[0m[0m = (known after apply)
        }

      [32m+[0m [0mephemeral_block_device {
          [32m+[0m [0m[1m[0mdevice_name[0m[0m  = (known after apply)
          [32m+[0m [0m[1m[0mno_device[0m[0m    = (known after apply)
          [32m+[0m [0m[1m[0mvirtual_name[0m[0m = (known after apply)
        }

      [32m+[0m [0mmetadata_options {
          [32m+[0m [0m[1m[0mhttp_endpoint[0m[0m               = (known after apply)
          [32m+[0m [0m[1m[0mhttp_put_response_hop_limit[0m[0m = (known after apply)
          [32m+[0m [0m[1m[0mhttp_tokens[0m[0m                 = (known after apply)
          [32m+[0m [0m[1m[0minstance_metadata_tags[0m[0m      = (known after apply)
        }

      [32m+[0m [0mnetwork_interface {
          [32m+[0m [0m[1m[0mdelete_on_termination[0m[0m = false
          [32m+[0m [0m[1m[0mdevice_index[0m[0m          = 0
          [32m+[0m [0m[1m[0mnetwork_interface_id[0m[0m  = (known after apply)
        }

      [32m+[0m [0mroot_block_device {
          [32m+[0m [0m[1m[0mdelete_on_termination[0m[0m = (known after apply)
          [32m+[0m [0m[1m[0mdevice_name[0m[0m           = (known after apply)
          [32m+[0m [0m[1m[0mencrypted[0m[0m             = (known after apply)
          [32m+[0m [0m[1m[0miops[0m[0m                  = (known after apply)
          [32m+[0m [0m[1m[0mkms_key_id[0m[0m            = (known after apply)
          [32m+[0m [0m[1m[0mtags[0m[0m                  = (known after apply)
          [32m+[0m [0m[1m[0mthroughput[0m[0m            = (known after apply)
          [32m+[0m [0m[1m[0mvolume_id[0m[0m             = (known after apply)
          [32m+[0m [0m[1m[0mvolume_size[0m[0m           = (known after apply)
          [32m+[0m [0m[1m[0mvolume_type[0m[0m           = (known after apply)
        }
    }

[1m  # aws_network_interface.interface01[0m will be created[0m[0m
[0m  [32m+[0m[0m resource "aws_network_interface" "interface01" {
      [32m+[0m [0m[1m[0marn[0m[0m                       = (known after apply)
      [32m+[0m [0m[1m[0mid[0m[0m                        = (known after apply)
      [32m+[0m [0m[1m[0minterface_type[0m[0m            = (known after apply)
      [32m+[0m [0m[1m[0mipv4_prefix_count[0m[0m         = (known after apply)
      [32m+[0m [0m[1m[0mipv4_prefixes[0m[0m             = (known after apply)
      [32m+[0m [0m[1m[0mipv6_address_count[0m[0m        = (known after apply)
      [32m+[0m [0m[1m[0mipv6_address_list[0m[0m         = (known after apply)
      [32m+[0m [0m[1m[0mipv6_address_list_enabled[0m[0m = false
      [32m+[0m [0m[1m[0mipv6_addresses[0m[0m            = (known after apply)
      [32m+[0m [0m[1m[0mipv6_prefix_count[0m[0m         = (known after apply)
      [32m+[0m [0m[1m[0mipv6_prefixes[0m[0m             = (known after apply)
      [32m+[0m [0m[1m[0mmac_address[0m[0m               = (known after apply)
      [32m+[0m [0m[1m[0moutpost_arn[0m[0m               = (known after apply)
      [32m+[0m [0m[1m[0mowner_id[0m[0m                  = (known after apply)
      [32m+[0m [0m[1m[0mprivate_dns_name[0m[0m          = (known after apply)
      [32m+[0m [0m[1m[0mprivate_ip[0m[0m                = (known after apply)
      [32m+[0m [0m[1m[0mprivate_ip_list[0m[0m           = (known after apply)
      [32m+[0m [0m[1m[0mprivate_ip_list_enabled[0m[0m   = false
      [32m+[0m [0m[1m[0mprivate_ips[0m[0m               = [
          [32m+[0m [0m"172.31.16.100",
        ]
      [32m+[0m [0m[1m[0mprivate_ips_count[0m[0m         = (known after apply)
      [32m+[0m [0m[1m[0msecurity_groups[0m[0m           = (known after apply)
      [32m+[0m [0m[1m[0msource_dest_check[0m[0m         = true
      [32m+[0m [0m[1m[0msubnet_id[0m[0m                 = "subnet-5d4a3934"
      [32m+[0m [0m[1m[0mtags[0m[0m                      = {
          [32m+[0m [0m"Name" = "primary_network_interface"
        }
      [32m+[0m [0m[1m[0mtags_all[0m[0m                  = {
          [32m+[0m [0m"Name" = "primary_network_interface"
        }

      [32m+[0m [0mattachment {
          [32m+[0m [0m[1m[0mattachment_id[0m[0m = (known after apply)
          [32m+[0m [0m[1m[0mdevice_index[0m[0m  = (known after apply)
          [32m+[0m [0m[1m[0minstance[0m[0m      = (known after apply)
        }
    }

[1m  # aws_s3_bucket.bucket[0m will be created[0m[0m
[0m  [32m+[0m[0m resource "aws_s3_bucket" "bucket" {
      [32m+[0m [0m[1m[0macceleration_status[0m[0m         = (known after apply)
      [32m+[0m [0m[1m[0macl[0m[0m                         = "private"
      [32m+[0m [0m[1m[0marn[0m[0m                         = (known after apply)
      [32m+[0m [0m[1m[0mbucket[0m[0m                      = (known after apply)
      [32m+[0m [0m[1m[0mbucket_domain_name[0m[0m          = (known after apply)
      [32m+[0m [0m[1m[0mbucket_regional_domain_name[0m[0m = (known after apply)
      [32m+[0m [0m[1m[0mforce_destroy[0m[0m               = false
      [32m+[0m [0m[1m[0mhosted_zone_id[0m[0m              = (known after apply)
      [32m+[0m [0m[1m[0mid[0m[0m                          = (known after apply)
      [32m+[0m [0m[1m[0mregion[0m[0m                      = (known after apply)
      [32m+[0m [0m[1m[0mrequest_payer[0m[0m               = (known after apply)
      [32m+[0m [0m[1m[0mtags[0m[0m                        = {
          [32m+[0m [0m"Name" = "c04-iac01"
        }
      [32m+[0m [0m[1m[0mtags_all[0m[0m                    = {
          [32m+[0m [0m"Name" = "c04-iac01"
        }
      [32m+[0m [0m[1m[0mwebsite_domain[0m[0m              = (known after apply)
      [32m+[0m [0m[1m[0mwebsite_endpoint[0m[0m            = (known after apply)

      [32m+[0m [0mversioning {
          [32m+[0m [0m[1m[0menabled[0m[0m    = (known after apply)
          [32m+[0m [0m[1m[0mmfa_delete[0m[0m = (known after apply)
        }
    }

[1m  # aws_security_group.sg[0m will be created[0m[0m
[0m  [32m+[0m[0m resource "aws_security_group" "sg" {
      [32m+[0m [0m[1m[0marn[0m[0m                    = (known after apply)
      [32m+[0m [0m[1m[0mdescription[0m[0m            = "Managed by Terraform"
      [32m+[0m [0m[1m[0megress[0m[0m                 = [
          [32m+[0m [0m{
              [32m+[0m [0mcidr_blocks      = [
                  [32m+[0m [0m"0.0.0.0/0",
                ]
              [32m+[0m [0mdescription      = ""
              [32m+[0m [0mfrom_port        = 0
              [32m+[0m [0mipv6_cidr_blocks = []
              [32m+[0m [0mprefix_list_ids  = []
              [32m+[0m [0mprotocol         = "-1"
              [32m+[0m [0msecurity_groups  = []
              [32m+[0m [0mself             = false
              [32m+[0m [0mto_port          = 0
            },
        ]
      [32m+[0m [0m[1m[0mid[0m[0m                     = (known after apply)
      [32m+[0m [0m[1m[0mingress[0m[0m                = [
          [32m+[0m [0m{
              [32m+[0m [0mcidr_blocks      = [
                  [32m+[0m [0m"0.0.0.0/0",
                ]
              [32m+[0m [0mdescription      = ""
              [32m+[0m [0mfrom_port        = 22
              [32m+[0m [0mipv6_cidr_blocks = []
              [32m+[0m [0mprefix_list_ids  = []
              [32m+[0m [0mprotocol         = "tcp"
              [32m+[0m [0msecurity_groups  = []
              [32m+[0m [0mself             = false
              [32m+[0m [0mto_port          = 22
            },
        ]
      [32m+[0m [0m[1m[0mname[0m[0m                   = "c04-iac01-sg"
      [32m+[0m [0m[1m[0mname_prefix[0m[0m            = (known after apply)
      [32m+[0m [0m[1m[0mowner_id[0m[0m               = (known after apply)
      [32m+[0m [0m[1m[0mrevoke_rules_on_delete[0m[0m = false
      [32m+[0m [0m[1m[0mtags[0m[0m                   = {
          [32m+[0m [0m"Name" = "c04-iac01"
        }
      [32m+[0m [0m[1m[0mtags_all[0m[0m               = {
          [32m+[0m [0m"Name" = "c04-iac01"
        }
      [32m+[0m [0m[1m[0mvpc_id[0m[0m                 = (known after apply)
    }

[1m  # random_string.random[0m will be created[0m[0m
[0m  [32m+[0m[0m resource "random_string" "random" {
      [32m+[0m [0m[1m[0mid[0m[0m          = (known after apply)
      [32m+[0m [0m[1m[0mlength[0m[0m      = 8
      [32m+[0m [0m[1m[0mlower[0m[0m       = true
      [32m+[0m [0m[1m[0mmin_lower[0m[0m   = 0
      [32m+[0m [0m[1m[0mmin_numeric[0m[0m = 0
      [32m+[0m [0m[1m[0mmin_special[0m[0m = 0
      [32m+[0m [0m[1m[0mmin_upper[0m[0m   = 0
      [32m+[0m [0m[1m[0mnumber[0m[0m      = true
      [32m+[0m [0m[1m[0mresult[0m[0m      = (known after apply)
      [32m+[0m [0m[1m[0mspecial[0m[0m     = false
      [32m+[0m [0m[1m[0mupper[0m[0m       = false
    }

[0m[1mPlan:[0m 10 to add, 0 to change, 0 to destroy.
[0m[90m
─────────────────────────────────────────────────────────────────────────────[0m

Note: You didn't use the -out option to save this plan, so Terraform can't
guarantee to take exactly these actions if you run "terraform apply" now.
