$ terraform plan -out DA_IAC01plan
Refreshing Terraform state in-memory prior to plan...
The refreshed state will be used to calculate this plan, but will not be
persisted to local or remote state storage.


------------------------------------------------------------------------

An execution plan has been generated and is shown below.
Resource actions are indicated with the following symbols:
  + create

Terraform will perform the following actions:

  # aws_iam_instance_profile.test_profile will be created
  + resource "aws_iam_instance_profile" "test_profile" {
      + arn         = (known after apply)
      + create_date = (known after apply)
      + id          = (known after apply)
      + name        = "test_profile"
      + path        = "/"
      + role        = "ec2_s3_access_role"
      + roles       = (known after apply)
      + unique_id   = (known after apply)
    }

  # aws_iam_role.ec2_s3_access_role will be created
  + resource "aws_iam_role" "ec2_s3_access_role" {
      + arn                   = (known after apply)
      + assume_role_policy    = jsonencode(
            {
              + Statement = [
                  + {
                      + Action    = "sts:AssumeRole"
                      + Effect    = "Allow"
                      + Principal = {
                          + Service = "ec2.amazonaws.com"
                        }
                      + Sid       = ""
                    },
                ]
              + Version   = "2012-10-17"
            }
        )
      + create_date           = (known after apply)
      + force_detach_policies = false
      + id                    = (known after apply)
      + max_session_duration  = 3600
      + name                  = "ec2_s3_access_role"
      + path                  = "/"
      + unique_id             = (known after apply)
    }

  # aws_iam_role_policy.S3_read_policy will be created
  + resource "aws_iam_role_policy" "S3_read_policy" {
      + id     = (known after apply)
      + name   = "test_policy"
      + policy = jsonencode(
            {
              + Statement = [
                  + {
                      + Action   = [
                          + "s3:ListBucket",
                        ]
                      + Effect   = "Allow"
                      + Resource = [
                          + "arn:aws:s3:::da-july-bucket",
                        ]
                    },
                  + {
                      + Action   = [
                          + "s3:GetObject",
                        ]
                      + Effect   = "Allow"
                      + Resource = [
                          + "arn:aws:s3:::da-july-bucket/*",
                        ]
                    },
                ]
              + Version   = "2012-10-17"
            }
        )
      + role   = (known after apply)
    }

  # aws_instance.da-instance will be created
  + resource "aws_instance" "da-instance" {
      + ami                          = "ami-088ff0e3bde7b3fdf"
      + arn                          = (known after apply)
      + associate_public_ip_address  = (known after apply)
      + availability_zone            = (known after apply)
      + cpu_core_count               = (known after apply)
      + cpu_threads_per_core         = (known after apply)
      + get_password_data            = false
      + host_id                      = (known after apply)
      + iam_instance_profile         = "test_profile"
      + id                           = (known after apply)
      + instance_state               = (known after apply)
      + instance_type                = "t2.micro"
      + ipv6_address_count           = (known after apply)
      + ipv6_addresses               = (known after apply)
      + key_name                     = "C01-AWS01KeyPair"
      + network_interface_id         = (known after apply)
      + outpost_arn                  = (known after apply)
      + password_data                = (known after apply)
      + placement_group              = (known after apply)
      + primary_network_interface_id = (known after apply)
      + private_dns                  = (known after apply)
      + private_ip                   = (known after apply)
      + public_dns                   = (known after apply)
      + public_ip                    = (known after apply)
      + security_groups              = (known after apply)
      + source_dest_check            = true
      + subnet_id                    = (known after apply)
      + tags                         = {
          + "Name" = "DA-Instance-Terraform"
        }
      + tenancy                      = (known after apply)
      + user_data                    = "5fbd9ff64e012ce2123733455a2d3d0c407e2f60"
      + volume_tags                  = (known after apply)
      + vpc_security_group_ids       = (known after apply)

      + ebs_block_device {
          + delete_on_termination = (known after apply)
          + device_name           = (known after apply)
          + encrypted             = (known after apply)
          + iops                  = (known after apply)
          + kms_key_id            = (known after apply)
          + snapshot_id           = (known after apply)
          + volume_id             = (known after apply)
          + volume_size           = (known after apply)
          + volume_type           = (known after apply)
        }

      + ephemeral_block_device {
          + device_name  = (known after apply)
          + no_device    = (known after apply)
          + virtual_name = (known after apply)
        }

      + metadata_options {
          + http_endpoint               = (known after apply)
          + http_put_response_hop_limit = (known after apply)
          + http_tokens                 = (known after apply)
        }

      + network_interface {
          + delete_on_termination = (known after apply)
          + device_index          = (known after apply)
          + network_interface_id  = (known after apply)
        }

      + root_block_device {
          + delete_on_termination = (known after apply)
          + device_name           = (known after apply)
          + encrypted             = (known after apply)
          + iops                  = (known after apply)
          + kms_key_id            = (known after apply)
          + volume_id             = (known after apply)
          + volume_size           = (known after apply)
          + volume_type           = (known after apply)
        }
    }

  # aws_s3_bucket.terrform-da-bucket will be created
  + resource "aws_s3_bucket" "terrform-da-bucket" {
      + acceleration_status         = (known after apply)
      + acl                         = "private"
      + arn                         = (known after apply)
      + bucket                      = "da-july-bucket"
      + bucket_domain_name          = (known after apply)
      + bucket_regional_domain_name = (known after apply)
      + force_destroy               = false
      + hosted_zone_id              = (known after apply)
      + id                          = (known after apply)
      + region                      = (known after apply)
      + request_payer               = (known after apply)
      + tags                        = {
          + "Name" = "DA bucket"
        }
      + website_domain              = (known after apply)
      + website_endpoint            = (known after apply)

      + versioning {
          + enabled    = (known after apply)
          + mfa_delete = (known after apply)
        }
    }

  # aws_security_group.DA-sg will be created
  + resource "aws_security_group" "DA-sg" {
      + arn                    = (known after apply)
      + description            = "Managed by Terraform"
      + egress                 = [
          + {
              + cidr_blocks      = [
                  + "0.0.0.0/0",
                ]
              + description      = ""
              + from_port        = 0
              + ipv6_cidr_blocks = []
              + prefix_list_ids  = []
              + protocol         = "-1"
              + security_groups  = []
              + self             = false
              + to_port          = 0
            },
        ]
      + id                     = (known after apply)
      + ingress                = [
          + {
              + cidr_blocks      = [
                  + "0.0.0.0/0",
                ]
              + description      = ""
              + from_port        = 22
              + ipv6_cidr_blocks = []
              + prefix_list_ids  = []
              + protocol         = "tcp"
              + security_groups  = []
              + self             = false
              + to_port          = 22
            },
        ]
      + name                   = (known after apply)
      + owner_id               = (known after apply)
      + revoke_rules_on_delete = false
      + vpc_id                 = (known after apply)
    }

Plan: 6 to add, 0 to change, 0 to destroy.

------------------------------------------------------------------------

This plan was saved to: DA_IAC01plan

To perform exactly these actions, run the following command to apply:
    terraform apply "DA_IAC01plan"
